<?xml version="1.0" encoding="utf-8"?>
<Project ToolsVersion="17.0" xmlns="http://schemas.microsoft.com/developer/msbuild/2003">
  <ItemGroup>
    <ClCompile Include="C:\programming\side-projects\Parallel-project\Parallel-Defered-Renderer\src\camera\camera.cpp">
      <Filter>Sources</Filter>
    </ClCompile>
    <ClCompile Include="C:\programming\side-projects\Parallel-project\Parallel-Defered-Renderer\src\lighting\light.cpp">
      <Filter>Sources</Filter>
    </ClCompile>
    <ClCompile Include="C:\programming\side-projects\Parallel-project\Parallel-Defered-Renderer\src\mesh\mesh.cpp">
      <Filter>Sources</Filter>
    </ClCompile>
    <ClCompile Include="C:\programming\side-projects\Parallel-project\Parallel-Defered-Renderer\src\mesh\model.cpp">
      <Filter>Sources</Filter>
    </ClCompile>
    <ClCompile Include="C:\programming\side-projects\Parallel-project\Parallel-Defered-Renderer\src\renderer\mpi_domain_decomposition.cpp">
      <Filter>Sources</Filter>
    </ClCompile>
    <ClCompile Include="C:\programming\side-projects\Parallel-project\Parallel-Defered-Renderer\src\renderer\mpi_performance.cpp">
      <Filter>Sources</Filter>
    </ClCompile>
    <ClCompile Include="C:\programming\side-projects\Parallel-project\Parallel-Defered-Renderer\src\renderer\parallel-deferred-renderer_omp.cpp">
      <Filter>Sources</Filter>
    </ClCompile>
    <ClCompile Include="C:\programming\side-projects\Parallel-project\Parallel-Defered-Renderer\src\resources\material.cpp">
      <Filter>Sources</Filter>
    </ClCompile>
    <ClCompile Include="C:\programming\side-projects\Parallel-project\Parallel-Defered-Renderer\src\resources\shader.cpp">
      <Filter>Sources</Filter>
    </ClCompile>
    <ClCompile Include="C:\programming\side-projects\Parallel-project\Parallel-Defered-Renderer\src\resources\shape.cpp">
      <Filter>Sources</Filter>
    </ClCompile>
    <ClCompile Include="C:\programming\side-projects\Parallel-project\Parallel-Defered-Renderer\src\resources\skybox.cpp">
      <Filter>Sources</Filter>
    </ClCompile>
    <ClCompile Include="C:\programming\side-projects\Parallel-project\Parallel-Defered-Renderer\src\resources\texture.cpp">
      <Filter>Sources</Filter>
    </ClCompile>
    <ClCompile Include="C:\programming\side-projects\Parallel-project\Parallel-Defered-Renderer\api\glad\src\glad.c">
      <Filter>API</Filter>
    </ClCompile>
    <ClCompile Include="C:\programming\side-projects\Parallel-project\Parallel-Defered-Renderer\api\imgui\imgui.cpp">
      <Filter>API</Filter>
    </ClCompile>
    <ClCompile Include="C:\programming\side-projects\Parallel-project\Parallel-Defered-Renderer\api\imgui\imgui_draw.cpp">
      <Filter>API</Filter>
    </ClCompile>
    <ClCompile Include="C:\programming\side-projects\Parallel-project\Parallel-Defered-Renderer\api\imgui\imgui_impl_glfw_gl3.cpp">
      <Filter>API</Filter>
    </ClCompile>
  </ItemGroup>
  <ItemGroup>
    <ClInclude Include="C:\programming\side-projects\Parallel-project\Parallel-Defered-Renderer\src\camera\camera.h">
      <Filter>Headers</Filter>
    </ClInclude>
    <ClInclude Include="C:\programming\side-projects\Parallel-project\Parallel-Defered-Renderer\src\lighting\light.h">
      <Filter>Headers</Filter>
    </ClInclude>
    <ClInclude Include="C:\programming\side-projects\Parallel-project\Parallel-Defered-Renderer\src\mesh\mesh.h">
      <Filter>Headers</Filter>
    </ClInclude>
    <ClInclude Include="C:\programming\side-projects\Parallel-project\Parallel-Defered-Renderer\src\mesh\model.h">
      <Filter>Headers</Filter>
    </ClInclude>
    <ClInclude Include="C:\programming\side-projects\Parallel-project\Parallel-Defered-Renderer\src\renderer\mpi_domain_decomposition.h">
      <Filter>Headers</Filter>
    </ClInclude>
    <ClInclude Include="C:\programming\side-projects\Parallel-project\Parallel-Defered-Renderer\src\renderer\mpi_performance.h">
      <Filter>Headers</Filter>
    </ClInclude>
    <ClInclude Include="C:\programming\side-projects\Parallel-project\Parallel-Defered-Renderer\src\resources\material.h">
      <Filter>Headers</Filter>
    </ClInclude>
    <ClInclude Include="C:\programming\side-projects\Parallel-project\Parallel-Defered-Renderer\src\resources\shader.h">
      <Filter>Headers</Filter>
    </ClInclude>
    <ClInclude Include="C:\programming\side-projects\Parallel-project\Parallel-Defered-Renderer\src\resources\shape.h">
      <Filter>Headers</Filter>
    </ClInclude>
    <ClInclude Include="C:\programming\side-projects\Parallel-project\Parallel-Defered-Renderer\src\resources\skybox.h">
      <Filter>Headers</Filter>
    </ClInclude>
    <ClInclude Include="C:\programming\side-projects\Parallel-project\Parallel-Defered-Renderer\src\resources\texture.h">
      <Filter>Headers</Filter>
    </ClInclude>
  </ItemGroup>
  <ItemGroup>
    <CustomBuild Include="C:\programming\side-projects\Parallel-project\Parallel-Defered-Renderer\CMakeLists.txt" />
  </ItemGroup>
  <ItemGroup>
    <None Include="C:\programming\side-projects\Parallel-project\Parallel-Defered-Renderer\resources\shaders\lighting\directional.frag">
      <Filter>Shaders</Filter>
    </None>
    <None Include="C:\programming\side-projects\Parallel-project\Parallel-Defered-Renderer\resources\shaders\lighting\directional.vert">
      <Filter>Shaders</Filter>
    </None>
    <None Include="C:\programming\side-projects\Parallel-project\Parallel-Defered-Renderer\resources\shaders\lighting\environment.frag">
      <Filter>Shaders</Filter>
    </None>
    <None Include="C:\programming\side-projects\Parallel-project\Parallel-Defered-Renderer\resources\shaders\lighting\environment.vert">
      <Filter>Shaders</Filter>
    </None>
    <None Include="C:\programming\side-projects\Parallel-project\Parallel-Defered-Renderer\resources\shaders\lighting\integrateIBL.frag">
      <Filter>Shaders</Filter>
    </None>
    <None Include="C:\programming\side-projects\Parallel-project\Parallel-Defered-Renderer\resources\shaders\lighting\integrateIBL.vert">
      <Filter>Shaders</Filter>
    </None>
    <None Include="C:\programming\side-projects\Parallel-project\Parallel-Defered-Renderer\resources\shaders\lighting\irradianceIBL.frag">
      <Filter>Shaders</Filter>
    </None>
    <None Include="C:\programming\side-projects\Parallel-project\Parallel-Defered-Renderer\resources\shaders\lighting\irradianceIBL.vert">
      <Filter>Shaders</Filter>
    </None>
    <None Include="C:\programming\side-projects\Parallel-project\Parallel-Defered-Renderer\resources\shaders\lighting\lightingBRDF.frag">
      <Filter>Shaders</Filter>
    </None>
    <None Include="C:\programming\side-projects\Parallel-project\Parallel-Defered-Renderer\resources\shaders\lighting\lightingBRDF.vert">
      <Filter>Shaders</Filter>
    </None>
    <None Include="C:\programming\side-projects\Parallel-project\Parallel-Defered-Renderer\resources\shaders\lighting\point.frag">
      <Filter>Shaders</Filter>
    </None>
    <None Include="C:\programming\side-projects\Parallel-project\Parallel-Defered-Renderer\resources\shaders\lighting\point.vert">
      <Filter>Shaders</Filter>
    </None>
    <None Include="C:\programming\side-projects\Parallel-project\Parallel-Defered-Renderer\resources\shaders\lighting\prefilterIBL.frag">
      <Filter>Shaders</Filter>
    </None>
    <None Include="C:\programming\side-projects\Parallel-project\Parallel-Defered-Renderer\resources\shaders\lighting\prefilterIBL.vert">
      <Filter>Shaders</Filter>
    </None>
    <None Include="C:\programming\side-projects\Parallel-project\Parallel-Defered-Renderer\resources\shaders\lighting\simple.frag">
      <Filter>Shaders</Filter>
    </None>
    <None Include="C:\programming\side-projects\Parallel-project\Parallel-Defered-Renderer\resources\shaders\lighting\simple.vert">
      <Filter>Shaders</Filter>
    </None>
    <None Include="C:\programming\side-projects\Parallel-project\Parallel-Defered-Renderer\resources\shaders\postprocess\firstpass.frag">
      <Filter>Shaders</Filter>
    </None>
    <None Include="C:\programming\side-projects\Parallel-project\Parallel-Defered-Renderer\resources\shaders\postprocess\postprocess.vert">
      <Filter>Shaders</Filter>
    </None>
    <None Include="C:\programming\side-projects\Parallel-project\Parallel-Defered-Renderer\resources\shaders\postprocess\sao.frag">
      <Filter>Shaders</Filter>
    </None>
    <None Include="C:\programming\side-projects\Parallel-project\Parallel-Defered-Renderer\resources\shaders\postprocess\sao.vert">
      <Filter>Shaders</Filter>
    </None>
    <None Include="C:\programming\side-projects\Parallel-project\Parallel-Defered-Renderer\resources\shaders\postprocess\saoBlur.frag">
      <Filter>Shaders</Filter>
    </None>
  </ItemGroup>
  <ItemGroup>
    <Filter Include="API">
      <UniqueIdentifier>{B42E06CD-53CC-3073-97A2-BB8CEE0950FC}</UniqueIdentifier>
    </Filter>
    <Filter Include="Headers">
      <UniqueIdentifier>{2C51216E-EFB0-3CC0-9895-61A8A73D22DF}</UniqueIdentifier>
    </Filter>
    <Filter Include="Shaders">
      <UniqueIdentifier>{27908BDC-EBBC-3700-B98E-F7656E57D12E}</UniqueIdentifier>
    </Filter>
    <Filter Include="Sources">
      <UniqueIdentifier>{47ECAFEF-E5CE-316F-AC0C-602A80E6652A}</UniqueIdentifier>
    </Filter>
  </ItemGroup>
</Project>
