<?xml version="1.0" encoding="utf-8"?>
<Project ToolsVersion="17.0" xmlns="http://schemas.microsoft.com/developer/msbuild/2003">
  <ItemGroup>
    <ClCompile Include="D:\Parallel-Defered-Renderer\api\assimp\code\Assimp.cpp">
      <Filter>Source Files</Filter>
    </ClCompile>
    <ClCompile Include="D:\Parallel-Defered-Renderer\api\assimp\code\BaseImporter.cpp">
      <Filter>Common</Filter>
    </ClCompile>
    <ClCompile Include="D:\Parallel-Defered-Renderer\api\assimp\code\BaseProcess.cpp">
      <Filter>Common</Filter>
    </ClCompile>
    <ClCompile Include="D:\Parallel-Defered-Renderer\api\assimp\code\PostStepRegistry.cpp">
      <Filter>Common</Filter>
    </ClCompile>
    <ClCompile Include="D:\Parallel-Defered-Renderer\api\assimp\code\ImporterRegistry.cpp">
      <Filter>Common</Filter>
    </ClCompile>
    <ClCompile Include="D:\Parallel-Defered-Renderer\api\assimp\code\DefaultIOStream.cpp">
      <Filter>Common</Filter>
    </ClCompile>
    <ClCompile Include="D:\Parallel-Defered-Renderer\api\assimp\code\DefaultIOSystem.cpp">
      <Filter>Common</Filter>
    </ClCompile>
    <ClCompile Include="D:\Parallel-Defered-Renderer\api\assimp\code\Importer.cpp">
      <Filter>Common</Filter>
    </ClCompile>
    <ClCompile Include="D:\Parallel-Defered-Renderer\api\assimp\code\SGSpatialSort.cpp">
      <Filter>Common</Filter>
    </ClCompile>
    <ClCompile Include="D:\Parallel-Defered-Renderer\api\assimp\code\VertexTriangleAdjacency.cpp">
      <Filter>Common</Filter>
    </ClCompile>
    <ClCompile Include="D:\Parallel-Defered-Renderer\api\assimp\code\SpatialSort.cpp">
      <Filter>Common</Filter>
    </ClCompile>
    <ClCompile Include="D:\Parallel-Defered-Renderer\api\assimp\code\SceneCombiner.cpp">
      <Filter>Common</Filter>
    </ClCompile>
    <ClCompile Include="D:\Parallel-Defered-Renderer\api\assimp\code\ScenePreprocessor.cpp">
      <Filter>Common</Filter>
    </ClCompile>
    <ClCompile Include="D:\Parallel-Defered-Renderer\api\assimp\code\SkeletonMeshBuilder.cpp">
      <Filter>Common</Filter>
    </ClCompile>
    <ClCompile Include="D:\Parallel-Defered-Renderer\api\assimp\code\SplitByBoneCountProcess.cpp">
      <Filter>Common</Filter>
    </ClCompile>
    <ClCompile Include="D:\Parallel-Defered-Renderer\api\assimp\code\StandardShapes.cpp">
      <Filter>Common</Filter>
    </ClCompile>
    <ClCompile Include="D:\Parallel-Defered-Renderer\api\assimp\code\TargetAnimation.cpp">
      <Filter>Common</Filter>
    </ClCompile>
    <ClCompile Include="D:\Parallel-Defered-Renderer\api\assimp\code\RemoveComments.cpp">
      <Filter>Common</Filter>
    </ClCompile>
    <ClCompile Include="D:\Parallel-Defered-Renderer\api\assimp\code\Subdivision.cpp">
      <Filter>Common</Filter>
    </ClCompile>
    <ClCompile Include="D:\Parallel-Defered-Renderer\api\assimp\code\Bitmap.cpp">
      <Filter>Common</Filter>
    </ClCompile>
    <ClCompile Include="D:\Parallel-Defered-Renderer\api\assimp\code\Version.cpp">
      <Filter>Common</Filter>
    </ClCompile>
    <ClCompile Include="D:\Parallel-Defered-Renderer\api\assimp\code\DefaultLogger.cpp">
      <Filter>Logging</Filter>
    </ClCompile>
    <ClCompile Include="D:\Parallel-Defered-Renderer\api\assimp\code\Exporter.cpp">
      <Filter>Exporter</Filter>
    </ClCompile>
    <ClCompile Include="D:\Parallel-Defered-Renderer\api\assimp\code\AssimpCExport.cpp">
      <Filter>Exporter</Filter>
    </ClCompile>
    <ClCompile Include="D:\Parallel-Defered-Renderer\api\assimp\code\CalcTangentsProcess.cpp">
      <Filter>PostProcessing</Filter>
    </ClCompile>
    <ClCompile Include="D:\Parallel-Defered-Renderer\api\assimp\code\ComputeUVMappingProcess.cpp">
      <Filter>PostProcessing</Filter>
    </ClCompile>
    <ClCompile Include="D:\Parallel-Defered-Renderer\api\assimp\code\ConvertToLHProcess.cpp">
      <Filter>PostProcessing</Filter>
    </ClCompile>
    <ClCompile Include="D:\Parallel-Defered-Renderer\api\assimp\code\FindDegenerates.cpp">
      <Filter>PostProcessing</Filter>
    </ClCompile>
    <ClCompile Include="D:\Parallel-Defered-Renderer\api\assimp\code\FindInstancesProcess.cpp">
      <Filter>PostProcessing</Filter>
    </ClCompile>
    <ClCompile Include="D:\Parallel-Defered-Renderer\api\assimp\code\FindInvalidDataProcess.cpp">
      <Filter>PostProcessing</Filter>
    </ClCompile>
    <ClCompile Include="D:\Parallel-Defered-Renderer\api\assimp\code\FixNormalsStep.cpp">
      <Filter>PostProcessing</Filter>
    </ClCompile>
    <ClCompile Include="D:\Parallel-Defered-Renderer\api\assimp\code\GenFaceNormalsProcess.cpp">
      <Filter>PostProcessing</Filter>
    </ClCompile>
    <ClCompile Include="D:\Parallel-Defered-Renderer\api\assimp\code\GenVertexNormalsProcess.cpp">
      <Filter>PostProcessing</Filter>
    </ClCompile>
    <ClCompile Include="D:\Parallel-Defered-Renderer\api\assimp\code\PretransformVertices.cpp">
      <Filter>PostProcessing</Filter>
    </ClCompile>
    <ClCompile Include="D:\Parallel-Defered-Renderer\api\assimp\code\ImproveCacheLocality.cpp">
      <Filter>PostProcessing</Filter>
    </ClCompile>
    <ClCompile Include="D:\Parallel-Defered-Renderer\api\assimp\code\JoinVerticesProcess.cpp">
      <Filter>PostProcessing</Filter>
    </ClCompile>
    <ClCompile Include="D:\Parallel-Defered-Renderer\api\assimp\code\LimitBoneWeightsProcess.cpp">
      <Filter>PostProcessing</Filter>
    </ClCompile>
    <ClCompile Include="D:\Parallel-Defered-Renderer\api\assimp\code\RemoveRedundantMaterials.cpp">
      <Filter>PostProcessing</Filter>
    </ClCompile>
    <ClCompile Include="D:\Parallel-Defered-Renderer\api\assimp\code\RemoveVCProcess.cpp">
      <Filter>PostProcessing</Filter>
    </ClCompile>
    <ClCompile Include="D:\Parallel-Defered-Renderer\api\assimp\code\SortByPTypeProcess.cpp">
      <Filter>PostProcessing</Filter>
    </ClCompile>
    <ClCompile Include="D:\Parallel-Defered-Renderer\api\assimp\code\SplitLargeMeshes.cpp">
      <Filter>PostProcessing</Filter>
    </ClCompile>
    <ClCompile Include="D:\Parallel-Defered-Renderer\api\assimp\code\TextureTransform.cpp">
      <Filter>PostProcessing</Filter>
    </ClCompile>
    <ClCompile Include="D:\Parallel-Defered-Renderer\api\assimp\code\TriangulateProcess.cpp">
      <Filter>PostProcessing</Filter>
    </ClCompile>
    <ClCompile Include="D:\Parallel-Defered-Renderer\api\assimp\code\ValidateDataStructure.cpp">
      <Filter>PostProcessing</Filter>
    </ClCompile>
    <ClCompile Include="D:\Parallel-Defered-Renderer\api\assimp\code\OptimizeGraph.cpp">
      <Filter>PostProcessing</Filter>
    </ClCompile>
    <ClCompile Include="D:\Parallel-Defered-Renderer\api\assimp\code\OptimizeMeshes.cpp">
      <Filter>PostProcessing</Filter>
    </ClCompile>
    <ClCompile Include="D:\Parallel-Defered-Renderer\api\assimp\code\DeboneProcess.cpp">
      <Filter>PostProcessing</Filter>
    </ClCompile>
    <ClCompile Include="D:\Parallel-Defered-Renderer\api\assimp\code\ProcessHelper.cpp">
      <Filter>PostProcessing</Filter>
    </ClCompile>
    <ClCompile Include="D:\Parallel-Defered-Renderer\api\assimp\code\MakeVerboseFormat.cpp">
      <Filter>PostProcessing</Filter>
    </ClCompile>
    <ClCompile Include="D:\Parallel-Defered-Renderer\api\assimp\code\MaterialSystem.cpp">
      <Filter>MaterialSystem</Filter>
    </ClCompile>
    <ClCompile Include="D:\Parallel-Defered-Renderer\api\assimp\code\StepExporter.cpp">
      <Filter>Step</Filter>
    </ClCompile>
    <ClCompile Include="D:\Parallel-Defered-Renderer\api\assimp\code\3DSConverter.cpp">
      <Filter>3DS</Filter>
    </ClCompile>
    <ClCompile Include="D:\Parallel-Defered-Renderer\api\assimp\code\3DSLoader.cpp">
      <Filter>3DS</Filter>
    </ClCompile>
    <ClCompile Include="D:\Parallel-Defered-Renderer\api\assimp\code\3DSExporter.cpp">
      <Filter>3DS</Filter>
    </ClCompile>
    <ClCompile Include="D:\Parallel-Defered-Renderer\api\assimp\code\ACLoader.cpp">
      <Filter>AC</Filter>
    </ClCompile>
    <ClCompile Include="D:\Parallel-Defered-Renderer\api\assimp\code\ASELoader.cpp">
      <Filter>ASE</Filter>
    </ClCompile>
    <ClCompile Include="D:\Parallel-Defered-Renderer\api\assimp\code\ASEParser.cpp">
      <Filter>ASE</Filter>
    </ClCompile>
    <ClCompile Include="D:\Parallel-Defered-Renderer\api\assimp\code\AssbinExporter.cpp">
      <Filter>ASSBIN</Filter>
    </ClCompile>
    <ClCompile Include="D:\Parallel-Defered-Renderer\api\assimp\code\AssbinLoader.cpp">
      <Filter>ASSBIN</Filter>
    </ClCompile>
    <ClCompile Include="D:\Parallel-Defered-Renderer\api\assimp\code\AssxmlExporter.cpp">
      <Filter>ASSXML</Filter>
    </ClCompile>
    <ClCompile Include="D:\Parallel-Defered-Renderer\api\assimp\code\B3DImporter.cpp">
      <Filter>B3D</Filter>
    </ClCompile>
    <ClCompile Include="D:\Parallel-Defered-Renderer\api\assimp\code\BVHLoader.cpp">
      <Filter>BVH</Filter>
    </ClCompile>
    <ClCompile Include="D:\Parallel-Defered-Renderer\api\assimp\code\ColladaLoader.cpp">
      <Filter>COLLADA</Filter>
    </ClCompile>
    <ClCompile Include="D:\Parallel-Defered-Renderer\api\assimp\code\ColladaParser.cpp">
      <Filter>COLLADA</Filter>
    </ClCompile>
    <ClCompile Include="D:\Parallel-Defered-Renderer\api\assimp\code\ColladaExporter.cpp">
      <Filter>COLLADA</Filter>
    </ClCompile>
    <ClCompile Include="D:\Parallel-Defered-Renderer\api\assimp\code\DXFLoader.cpp">
      <Filter>DXF</Filter>
    </ClCompile>
    <ClCompile Include="D:\Parallel-Defered-Renderer\api\assimp\code\CSMLoader.cpp">
      <Filter>CSM</Filter>
    </ClCompile>
    <ClCompile Include="D:\Parallel-Defered-Renderer\api\assimp\code\HMPLoader.cpp">
      <Filter>HMP</Filter>
    </ClCompile>
    <ClCompile Include="D:\Parallel-Defered-Renderer\api\assimp\code\IRRLoader.cpp">
      <Filter>IRR</Filter>
    </ClCompile>
    <ClCompile Include="D:\Parallel-Defered-Renderer\api\assimp\code\IRRMeshLoader.cpp">
      <Filter>IRR</Filter>
    </ClCompile>
    <ClCompile Include="D:\Parallel-Defered-Renderer\api\assimp\code\IRRShared.cpp">
      <Filter>IRR</Filter>
    </ClCompile>
    <ClCompile Include="D:\Parallel-Defered-Renderer\api\assimp\code\LWOAnimation.cpp">
      <Filter>LWO</Filter>
    </ClCompile>
    <ClCompile Include="D:\Parallel-Defered-Renderer\api\assimp\code\LWOBLoader.cpp">
      <Filter>LWO</Filter>
    </ClCompile>
    <ClCompile Include="D:\Parallel-Defered-Renderer\api\assimp\code\LWOLoader.cpp">
      <Filter>LWO</Filter>
    </ClCompile>
    <ClCompile Include="D:\Parallel-Defered-Renderer\api\assimp\code\LWOMaterial.cpp">
      <Filter>LWO</Filter>
    </ClCompile>
    <ClCompile Include="D:\Parallel-Defered-Renderer\api\assimp\code\LWSLoader.cpp">
      <Filter>LWS</Filter>
    </ClCompile>
    <ClCompile Include="D:\Parallel-Defered-Renderer\api\assimp\code\MD2Loader.cpp">
      <Filter>MD2</Filter>
    </ClCompile>
    <ClCompile Include="D:\Parallel-Defered-Renderer\api\assimp\code\MD3Loader.cpp">
      <Filter>MD3</Filter>
    </ClCompile>
    <ClCompile Include="D:\Parallel-Defered-Renderer\api\assimp\code\MD5Loader.cpp">
      <Filter>MD5</Filter>
    </ClCompile>
    <ClCompile Include="D:\Parallel-Defered-Renderer\api\assimp\code\MD5Parser.cpp">
      <Filter>MD5</Filter>
    </ClCompile>
    <ClCompile Include="D:\Parallel-Defered-Renderer\api\assimp\code\MDCLoader.cpp">
      <Filter>MDC</Filter>
    </ClCompile>
    <ClCompile Include="D:\Parallel-Defered-Renderer\api\assimp\code\MDLLoader.cpp">
      <Filter>MDL</Filter>
    </ClCompile>
    <ClCompile Include="D:\Parallel-Defered-Renderer\api\assimp\code\MDLMaterialLoader.cpp">
      <Filter>MDL</Filter>
    </ClCompile>
    <ClCompile Include="D:\Parallel-Defered-Renderer\api\assimp\code\NFFLoader.cpp">
      <Filter>NFF</Filter>
    </ClCompile>
    <ClCompile Include="D:\Parallel-Defered-Renderer\api\assimp\code\NDOLoader.cpp">
      <Filter>NDO</Filter>
    </ClCompile>
    <ClCompile Include="D:\Parallel-Defered-Renderer\api\assimp\code\OFFLoader.cpp">
      <Filter>OFF</Filter>
    </ClCompile>
    <ClCompile Include="D:\Parallel-Defered-Renderer\api\assimp\code\ObjFileImporter.cpp">
      <Filter>OBJ</Filter>
    </ClCompile>
    <ClCompile Include="D:\Parallel-Defered-Renderer\api\assimp\code\ObjFileMtlImporter.cpp">
      <Filter>OBJ</Filter>
    </ClCompile>
    <ClCompile Include="D:\Parallel-Defered-Renderer\api\assimp\code\ObjFileParser.cpp">
      <Filter>OBJ</Filter>
    </ClCompile>
    <ClCompile Include="D:\Parallel-Defered-Renderer\api\assimp\code\ObjExporter.cpp">
      <Filter>OBJ</Filter>
    </ClCompile>
    <ClCompile Include="D:\Parallel-Defered-Renderer\api\assimp\code\OgreImporter.cpp">
      <Filter>OGRE</Filter>
    </ClCompile>
    <ClCompile Include="D:\Parallel-Defered-Renderer\api\assimp\code\OgreStructs.cpp">
      <Filter>OGRE</Filter>
    </ClCompile>
    <ClCompile Include="D:\Parallel-Defered-Renderer\api\assimp\code\OgreBinarySerializer.cpp">
      <Filter>OGRE</Filter>
    </ClCompile>
    <ClCompile Include="D:\Parallel-Defered-Renderer\api\assimp\code\OgreXmlSerializer.cpp">
      <Filter>OGRE</Filter>
    </ClCompile>
    <ClCompile Include="D:\Parallel-Defered-Renderer\api\assimp\code\OgreMaterial.cpp">
      <Filter>OGRE</Filter>
    </ClCompile>
    <ClCompile Include="D:\Parallel-Defered-Renderer\api\assimp\code\OpenGEXExporter.cpp">
      <Filter>OPENGEX</Filter>
    </ClCompile>
    <ClCompile Include="D:\Parallel-Defered-Renderer\api\assimp\code\OpenGEXImporter.cpp">
      <Filter>OPENGEX</Filter>
    </ClCompile>
    <ClCompile Include="D:\Parallel-Defered-Renderer\api\assimp\code\PlyLoader.cpp">
      <Filter>PLY</Filter>
    </ClCompile>
    <ClCompile Include="D:\Parallel-Defered-Renderer\api\assimp\code\PlyParser.cpp">
      <Filter>PLY</Filter>
    </ClCompile>
    <ClCompile Include="D:\Parallel-Defered-Renderer\api\assimp\code\PlyExporter.cpp">
      <Filter>PLY</Filter>
    </ClCompile>
    <ClCompile Include="D:\Parallel-Defered-Renderer\api\assimp\code\MS3DLoader.cpp">
      <Filter>MS3D</Filter>
    </ClCompile>
    <ClCompile Include="D:\Parallel-Defered-Renderer\api\assimp\code\COBLoader.cpp">
      <Filter>COB</Filter>
    </ClCompile>
    <ClCompile Include="D:\Parallel-Defered-Renderer\api\assimp\code\BlenderLoader.cpp">
      <Filter>BLEND</Filter>
    </ClCompile>
    <ClCompile Include="D:\Parallel-Defered-Renderer\api\assimp\code\BlenderDNA.cpp">
      <Filter>BLEND</Filter>
    </ClCompile>
    <ClCompile Include="D:\Parallel-Defered-Renderer\api\assimp\code\BlenderScene.cpp">
      <Filter>BLEND</Filter>
    </ClCompile>
    <ClCompile Include="D:\Parallel-Defered-Renderer\api\assimp\code\BlenderModifier.cpp">
      <Filter>BLEND</Filter>
    </ClCompile>
    <ClCompile Include="D:\Parallel-Defered-Renderer\api\assimp\code\BlenderBMesh.cpp">
      <Filter>BLEND</Filter>
    </ClCompile>
    <ClCompile Include="D:\Parallel-Defered-Renderer\api\assimp\code\BlenderTessellator.cpp">
      <Filter>BLEND</Filter>
    </ClCompile>
    <ClCompile Include="D:\Parallel-Defered-Renderer\api\assimp\code\IFCLoader.cpp">
      <Filter>IFC</Filter>
    </ClCompile>
    <ClCompile Include="D:\Parallel-Defered-Renderer\api\assimp\code\IFCReaderGen.cpp">
      <Filter>IFC</Filter>
    </ClCompile>
    <ClCompile Include="D:\Parallel-Defered-Renderer\api\assimp\code\IFCUtil.cpp">
      <Filter>IFC</Filter>
    </ClCompile>
    <ClCompile Include="D:\Parallel-Defered-Renderer\api\assimp\code\IFCGeometry.cpp">
      <Filter>IFC</Filter>
    </ClCompile>
    <ClCompile Include="D:\Parallel-Defered-Renderer\api\assimp\code\IFCMaterial.cpp">
      <Filter>IFC</Filter>
    </ClCompile>
    <ClCompile Include="D:\Parallel-Defered-Renderer\api\assimp\code\IFCProfile.cpp">
      <Filter>IFC</Filter>
    </ClCompile>
    <ClCompile Include="D:\Parallel-Defered-Renderer\api\assimp\code\IFCCurve.cpp">
      <Filter>IFC</Filter>
    </ClCompile>
    <ClCompile Include="D:\Parallel-Defered-Renderer\api\assimp\code\IFCBoolean.cpp">
      <Filter>IFC</Filter>
    </ClCompile>
    <ClCompile Include="D:\Parallel-Defered-Renderer\api\assimp\code\IFCOpenings.cpp">
      <Filter>IFC</Filter>
    </ClCompile>
    <ClCompile Include="D:\Parallel-Defered-Renderer\api\assimp\code\STEPFileReader.cpp">
      <Filter>IFC</Filter>
    </ClCompile>
    <ClCompile Include="D:\Parallel-Defered-Renderer\api\assimp\code\STEPFileEncoding.cpp">
      <Filter>IFC</Filter>
    </ClCompile>
    <ClCompile Include="D:\Parallel-Defered-Renderer\api\assimp\code\XGLLoader.cpp">
      <Filter>XGL</Filter>
    </ClCompile>
    <ClCompile Include="D:\Parallel-Defered-Renderer\api\assimp\code\FBXImporter.cpp">
      <Filter>FBX</Filter>
    </ClCompile>
    <ClCompile Include="D:\Parallel-Defered-Renderer\api\assimp\code\FBXParser.cpp">
      <Filter>FBX</Filter>
    </ClCompile>
    <ClCompile Include="D:\Parallel-Defered-Renderer\api\assimp\code\FBXTokenizer.cpp">
      <Filter>FBX</Filter>
    </ClCompile>
    <ClCompile Include="D:\Parallel-Defered-Renderer\api\assimp\code\FBXConverter.cpp">
      <Filter>FBX</Filter>
    </ClCompile>
    <ClCompile Include="D:\Parallel-Defered-Renderer\api\assimp\code\FBXUtil.cpp">
      <Filter>FBX</Filter>
    </ClCompile>
    <ClCompile Include="D:\Parallel-Defered-Renderer\api\assimp\code\FBXDocument.cpp">
      <Filter>FBX</Filter>
    </ClCompile>
    <ClCompile Include="D:\Parallel-Defered-Renderer\api\assimp\code\FBXProperties.cpp">
      <Filter>FBX</Filter>
    </ClCompile>
    <ClCompile Include="D:\Parallel-Defered-Renderer\api\assimp\code\FBXMeshGeometry.cpp">
      <Filter>FBX</Filter>
    </ClCompile>
    <ClCompile Include="D:\Parallel-Defered-Renderer\api\assimp\code\FBXMaterial.cpp">
      <Filter>FBX</Filter>
    </ClCompile>
    <ClCompile Include="D:\Parallel-Defered-Renderer\api\assimp\code\FBXModel.cpp">
      <Filter>FBX</Filter>
    </ClCompile>
    <ClCompile Include="D:\Parallel-Defered-Renderer\api\assimp\code\FBXAnimation.cpp">
      <Filter>FBX</Filter>
    </ClCompile>
    <ClCompile Include="D:\Parallel-Defered-Renderer\api\assimp\code\FBXNodeAttribute.cpp">
      <Filter>FBX</Filter>
    </ClCompile>
    <ClCompile Include="D:\Parallel-Defered-Renderer\api\assimp\code\FBXDeformer.cpp">
      <Filter>FBX</Filter>
    </ClCompile>
    <ClCompile Include="D:\Parallel-Defered-Renderer\api\assimp\code\FBXBinaryTokenizer.cpp">
      <Filter>FBX</Filter>
    </ClCompile>
    <ClCompile Include="D:\Parallel-Defered-Renderer\api\assimp\code\FBXDocumentUtil.cpp">
      <Filter>FBX</Filter>
    </ClCompile>
    <ClCompile Include="D:\Parallel-Defered-Renderer\api\assimp\code\Q3DLoader.cpp">
      <Filter>Q3D</Filter>
    </ClCompile>
    <ClCompile Include="D:\Parallel-Defered-Renderer\api\assimp\code\Q3BSPFileParser.cpp">
      <Filter>Q3BSP</Filter>
    </ClCompile>
    <ClCompile Include="D:\Parallel-Defered-Renderer\api\assimp\code\Q3BSPFileImporter.cpp">
      <Filter>Q3BSP</Filter>
    </ClCompile>
    <ClCompile Include="D:\Parallel-Defered-Renderer\api\assimp\code\Q3BSPZipArchive.cpp">
      <Filter>Q3BSP</Filter>
    </ClCompile>
    <ClCompile Include="D:\Parallel-Defered-Renderer\api\assimp\code\RawLoader.cpp">
      <Filter>RAW</Filter>
    </ClCompile>
    <ClCompile Include="D:\Parallel-Defered-Renderer\api\assimp\code\SIBImporter.cpp">
      <Filter>SIB</Filter>
    </ClCompile>
    <ClCompile Include="D:\Parallel-Defered-Renderer\api\assimp\code\SMDLoader.cpp">
      <Filter>SMD</Filter>
    </ClCompile>
    <ClCompile Include="D:\Parallel-Defered-Renderer\api\assimp\code\STLLoader.cpp">
      <Filter>STL</Filter>
    </ClCompile>
    <ClCompile Include="D:\Parallel-Defered-Renderer\api\assimp\code\STLExporter.cpp">
      <Filter>STL</Filter>
    </ClCompile>
    <ClCompile Include="D:\Parallel-Defered-Renderer\api\assimp\code\TerragenLoader.cpp">
      <Filter>TERRAGEN</Filter>
    </ClCompile>
    <ClCompile Include="D:\Parallel-Defered-Renderer\api\assimp\code\UnrealLoader.cpp">
      <Filter>3D</Filter>
    </ClCompile>
    <ClCompile Include="D:\Parallel-Defered-Renderer\api\assimp\code\XFileImporter.cpp">
      <Filter>X</Filter>
    </ClCompile>
    <ClCompile Include="D:\Parallel-Defered-Renderer\api\assimp\code\XFileParser.cpp">
      <Filter>X</Filter>
    </ClCompile>
    <ClCompile Include="D:\Parallel-Defered-Renderer\api\assimp\code\XFileExporter.cpp">
      <Filter>X</Filter>
    </ClCompile>
    <ClCompile Include="D:\Parallel-Defered-Renderer\api\assimp\code\glTFImporter.cpp">
      <Filter>GLTF</Filter>
    </ClCompile>
    <ClCompile Include="D:\Parallel-Defered-Renderer\api\assimp\code\glTFExporter.cpp">
      <Filter>GLTF</Filter>
    </ClCompile>
    <ClCompile Include="D:\Parallel-Defered-Renderer\api\assimp\contrib\irrXML\irrXML.cpp">
      <Filter>IrrXML</Filter>
    </ClCompile>
    <ClCompile Include="D:\Parallel-Defered-Renderer\api\assimp\contrib\ConvertUTF\ConvertUTF.c">
      <Filter>ConvertUTF</Filter>
    </ClCompile>
    <ClCompile Include="D:\Parallel-Defered-Renderer\api\assimp\contrib\unzip\ioapi.c">
      <Filter>unzip</Filter>
    </ClCompile>
    <ClCompile Include="D:\Parallel-Defered-Renderer\api\assimp\contrib\unzip\unzip.c">
      <Filter>unzip</Filter>
    </ClCompile>
    <ClCompile Include="D:\Parallel-Defered-Renderer\api\assimp\contrib\poly2tri\poly2tri\common\shapes.cc">
      <Filter>Poly2Tri</Filter>
    </ClCompile>
    <ClCompile Include="D:\Parallel-Defered-Renderer\api\assimp\contrib\poly2tri\poly2tri\sweep\advancing_front.cc">
      <Filter>Poly2Tri</Filter>
    </ClCompile>
    <ClCompile Include="D:\Parallel-Defered-Renderer\api\assimp\contrib\poly2tri\poly2tri\sweep\cdt.cc">
      <Filter>Poly2Tri</Filter>
    </ClCompile>
    <ClCompile Include="D:\Parallel-Defered-Renderer\api\assimp\contrib\poly2tri\poly2tri\sweep\sweep.cc">
      <Filter>Poly2Tri</Filter>
    </ClCompile>
    <ClCompile Include="D:\Parallel-Defered-Renderer\api\assimp\contrib\poly2tri\poly2tri\sweep\sweep_context.cc">
      <Filter>Poly2Tri</Filter>
    </ClCompile>
    <ClCompile Include="D:\Parallel-Defered-Renderer\api\assimp\contrib\clipper\clipper.cpp">
      <Filter>Clipper</Filter>
    </ClCompile>
    <ClCompile Include="D:\Parallel-Defered-Renderer\api\assimp\contrib\openddlparser\code\OpenDDLParser.cpp">
      <Filter>openddl_parser</Filter>
    </ClCompile>
    <ClCompile Include="D:\Parallel-Defered-Renderer\api\assimp\contrib\openddlparser\code\DDLNode.cpp">
      <Filter>openddl_parser</Filter>
    </ClCompile>
    <ClCompile Include="D:\Parallel-Defered-Renderer\api\assimp\contrib\openddlparser\code\OpenDDLCommon.cpp">
      <Filter>openddl_parser</Filter>
    </ClCompile>
    <ClCompile Include="D:\Parallel-Defered-Renderer\api\assimp\contrib\openddlparser\code\OpenDDLExport.cpp">
      <Filter>openddl_parser</Filter>
    </ClCompile>
    <ClCompile Include="D:\Parallel-Defered-Renderer\api\assimp\contrib\openddlparser\code\Value.cpp">
      <Filter>openddl_parser</Filter>
    </ClCompile>
  </ItemGroup>
  <ItemGroup>
    <ClInclude Include="D:\Parallel-Defered-Renderer\api\assimp\code\fast_atof.h">
      <Filter>Common</Filter>
    </ClInclude>
    <ClInclude Include="D:\Parallel-Defered-Renderer\api\assimp\code\qnan.h">
      <Filter>Common</Filter>
    </ClInclude>
    <ClInclude Include="D:\Parallel-Defered-Renderer\api\assimp\code\BaseImporter.h">
      <Filter>Common</Filter>
    </ClInclude>
    <ClInclude Include="D:\Parallel-Defered-Renderer\api\assimp\code\BaseProcess.h">
      <Filter>Common</Filter>
    </ClInclude>
    <ClInclude Include="D:\Parallel-Defered-Renderer\api\assimp\code\Importer.h">
      <Filter>Common</Filter>
    </ClInclude>
    <ClInclude Include="D:\Parallel-Defered-Renderer\api\assimp\code\ScenePrivate.h">
      <Filter>Common</Filter>
    </ClInclude>
    <ClInclude Include="D:\Parallel-Defered-Renderer\api\assimp\code\ByteSwapper.h">
      <Filter>Common</Filter>
    </ClInclude>
    <ClInclude Include="D:\Parallel-Defered-Renderer\api\assimp\code\DefaultProgressHandler.h">
      <Filter>Common</Filter>
    </ClInclude>
    <ClInclude Include="D:\Parallel-Defered-Renderer\api\assimp\code\DefaultIOStream.h">
      <Filter>Common</Filter>
    </ClInclude>
    <ClInclude Include="D:\Parallel-Defered-Renderer\api\assimp\code\DefaultIOSystem.h">
      <Filter>Common</Filter>
    </ClInclude>
    <ClInclude Include="D:\Parallel-Defered-Renderer\api\assimp\code\CInterfaceIOWrapper.h">
      <Filter>Common</Filter>
    </ClInclude>
    <ClInclude Include="D:\Parallel-Defered-Renderer\api\assimp\code\Hash.h">
      <Filter>Common</Filter>
    </ClInclude>
    <ClInclude Include="D:\Parallel-Defered-Renderer\api\assimp\code\IFF.h">
      <Filter>Common</Filter>
    </ClInclude>
    <ClInclude Include="D:\Parallel-Defered-Renderer\api\assimp\code\MemoryIOWrapper.h">
      <Filter>Common</Filter>
    </ClInclude>
    <ClInclude Include="D:\Parallel-Defered-Renderer\api\assimp\code\ParsingUtils.h">
      <Filter>Common</Filter>
    </ClInclude>
    <ClInclude Include="D:\Parallel-Defered-Renderer\api\assimp\code\StreamReader.h">
      <Filter>Common</Filter>
    </ClInclude>
    <ClInclude Include="D:\Parallel-Defered-Renderer\api\assimp\code\StreamWriter.h">
      <Filter>Common</Filter>
    </ClInclude>
    <ClInclude Include="D:\Parallel-Defered-Renderer\api\assimp\code\StringComparison.h">
      <Filter>Common</Filter>
    </ClInclude>
    <ClInclude Include="D:\Parallel-Defered-Renderer\api\assimp\code\StringUtils.h">
      <Filter>Common</Filter>
    </ClInclude>
    <ClInclude Include="D:\Parallel-Defered-Renderer\api\assimp\code\SGSpatialSort.h">
      <Filter>Common</Filter>
    </ClInclude>
    <ClInclude Include="D:\Parallel-Defered-Renderer\api\assimp\code\VertexTriangleAdjacency.h">
      <Filter>Common</Filter>
    </ClInclude>
    <ClInclude Include="D:\Parallel-Defered-Renderer\api\assimp\code\GenericProperty.h">
      <Filter>Common</Filter>
    </ClInclude>
    <ClInclude Include="D:\Parallel-Defered-Renderer\api\assimp\code\SpatialSort.h">
      <Filter>Common</Filter>
    </ClInclude>
    <ClInclude Include="D:\Parallel-Defered-Renderer\api\assimp\code\SceneCombiner.h">
      <Filter>Common</Filter>
    </ClInclude>
    <ClInclude Include="D:\Parallel-Defered-Renderer\api\assimp\code\ScenePreprocessor.h">
      <Filter>Common</Filter>
    </ClInclude>
    <ClInclude Include="D:\Parallel-Defered-Renderer\api\assimp\code\SkeletonMeshBuilder.h">
      <Filter>Common</Filter>
    </ClInclude>
    <ClInclude Include="D:\Parallel-Defered-Renderer\api\assimp\code\SplitByBoneCountProcess.h">
      <Filter>Common</Filter>
    </ClInclude>
    <ClInclude Include="D:\Parallel-Defered-Renderer\api\assimp\code\SmoothingGroups.h">
      <Filter>Common</Filter>
    </ClInclude>
    <ClInclude Include="D:\Parallel-Defered-Renderer\api\assimp\code\StandardShapes.h">
      <Filter>Common</Filter>
    </ClInclude>
    <ClInclude Include="D:\Parallel-Defered-Renderer\api\assimp\code\TargetAnimation.h">
      <Filter>Common</Filter>
    </ClInclude>
    <ClInclude Include="D:\Parallel-Defered-Renderer\api\assimp\code\RemoveComments.h">
      <Filter>Common</Filter>
    </ClInclude>
    <ClInclude Include="D:\Parallel-Defered-Renderer\api\assimp\code\Subdivision.h">
      <Filter>Common</Filter>
    </ClInclude>
    <ClInclude Include="D:\Parallel-Defered-Renderer\api\assimp\code\Vertex.h">
      <Filter>Common</Filter>
    </ClInclude>
    <ClInclude Include="D:\Parallel-Defered-Renderer\api\assimp\code\LineSplitter.h">
      <Filter>Common</Filter>
    </ClInclude>
    <ClInclude Include="D:\Parallel-Defered-Renderer\api\assimp\code\TinyFormatter.h">
      <Filter>Common</Filter>
    </ClInclude>
    <ClInclude Include="D:\Parallel-Defered-Renderer\api\assimp\code\Profiler.h">
      <Filter>Common</Filter>
    </ClInclude>
    <ClInclude Include="D:\Parallel-Defered-Renderer\api\assimp\code\LogAux.h">
      <Filter>Common</Filter>
    </ClInclude>
    <ClInclude Include="D:\Parallel-Defered-Renderer\api\assimp\code\Bitmap.h">
      <Filter>Common</Filter>
    </ClInclude>
    <ClInclude Include="D:\Parallel-Defered-Renderer\api\assimp\code\XMLTools.h">
      <Filter>Common</Filter>
    </ClInclude>
    <ClInclude Include="D:\Parallel-Defered-Renderer\api\assimp\include\assimp\DefaultLogger.hpp">
      <Filter>Logging</Filter>
    </ClInclude>
    <ClInclude Include="D:\Parallel-Defered-Renderer\api\assimp\include\assimp\LogStream.hpp">
      <Filter>Logging</Filter>
    </ClInclude>
    <ClInclude Include="D:\Parallel-Defered-Renderer\api\assimp\include\assimp\Logger.hpp">
      <Filter>Logging</Filter>
    </ClInclude>
    <ClInclude Include="D:\Parallel-Defered-Renderer\api\assimp\include\assimp\NullLogger.hpp">
      <Filter>Logging</Filter>
    </ClInclude>
    <ClInclude Include="D:\Parallel-Defered-Renderer\api\assimp\code\Win32DebugLogStream.h">
      <Filter>Logging</Filter>
    </ClInclude>
    <ClInclude Include="D:\Parallel-Defered-Renderer\api\assimp\code\FileLogStream.h">
      <Filter>Logging</Filter>
    </ClInclude>
    <ClInclude Include="D:\Parallel-Defered-Renderer\api\assimp\code\StdOStreamLogStream.h">
      <Filter>Logging</Filter>
    </ClInclude>
    <ClInclude Include="D:\Parallel-Defered-Renderer\api\assimp\code\BlobIOSystem.h">
      <Filter>Exporter</Filter>
    </ClInclude>
    <ClInclude Include="D:\Parallel-Defered-Renderer\api\assimp\code\CalcTangentsProcess.h">
      <Filter>PostProcessing</Filter>
    </ClInclude>
    <ClInclude Include="D:\Parallel-Defered-Renderer\api\assimp\code\ComputeUVMappingProcess.h">
      <Filter>PostProcessing</Filter>
    </ClInclude>
    <ClInclude Include="D:\Parallel-Defered-Renderer\api\assimp\code\ConvertToLHProcess.h">
      <Filter>PostProcessing</Filter>
    </ClInclude>
    <ClInclude Include="D:\Parallel-Defered-Renderer\api\assimp\code\FindDegenerates.h">
      <Filter>PostProcessing</Filter>
    </ClInclude>
    <ClInclude Include="D:\Parallel-Defered-Renderer\api\assimp\code\FindInstancesProcess.h">
      <Filter>PostProcessing</Filter>
    </ClInclude>
    <ClInclude Include="D:\Parallel-Defered-Renderer\api\assimp\code\FindInvalidDataProcess.h">
      <Filter>PostProcessing</Filter>
    </ClInclude>
    <ClInclude Include="D:\Parallel-Defered-Renderer\api\assimp\code\FixNormalsStep.h">
      <Filter>PostProcessing</Filter>
    </ClInclude>
    <ClInclude Include="D:\Parallel-Defered-Renderer\api\assimp\code\GenFaceNormalsProcess.h">
      <Filter>PostProcessing</Filter>
    </ClInclude>
    <ClInclude Include="D:\Parallel-Defered-Renderer\api\assimp\code\GenVertexNormalsProcess.h">
      <Filter>PostProcessing</Filter>
    </ClInclude>
    <ClInclude Include="D:\Parallel-Defered-Renderer\api\assimp\code\PretransformVertices.h">
      <Filter>PostProcessing</Filter>
    </ClInclude>
    <ClInclude Include="D:\Parallel-Defered-Renderer\api\assimp\code\ImproveCacheLocality.h">
      <Filter>PostProcessing</Filter>
    </ClInclude>
    <ClInclude Include="D:\Parallel-Defered-Renderer\api\assimp\code\JoinVerticesProcess.h">
      <Filter>PostProcessing</Filter>
    </ClInclude>
    <ClInclude Include="D:\Parallel-Defered-Renderer\api\assimp\code\LimitBoneWeightsProcess.h">
      <Filter>PostProcessing</Filter>
    </ClInclude>
    <ClInclude Include="D:\Parallel-Defered-Renderer\api\assimp\code\RemoveRedundantMaterials.h">
      <Filter>PostProcessing</Filter>
    </ClInclude>
    <ClInclude Include="D:\Parallel-Defered-Renderer\api\assimp\code\RemoveVCProcess.h">
      <Filter>PostProcessing</Filter>
    </ClInclude>
    <ClInclude Include="D:\Parallel-Defered-Renderer\api\assimp\code\SortByPTypeProcess.h">
      <Filter>PostProcessing</Filter>
    </ClInclude>
    <ClInclude Include="D:\Parallel-Defered-Renderer\api\assimp\code\SplitLargeMeshes.h">
      <Filter>PostProcessing</Filter>
    </ClInclude>
    <ClInclude Include="D:\Parallel-Defered-Renderer\api\assimp\code\TextureTransform.h">
      <Filter>PostProcessing</Filter>
    </ClInclude>
    <ClInclude Include="D:\Parallel-Defered-Renderer\api\assimp\code\TriangulateProcess.h">
      <Filter>PostProcessing</Filter>
    </ClInclude>
    <ClInclude Include="D:\Parallel-Defered-Renderer\api\assimp\code\ValidateDataStructure.h">
      <Filter>PostProcessing</Filter>
    </ClInclude>
    <ClInclude Include="D:\Parallel-Defered-Renderer\api\assimp\code\OptimizeGraph.h">
      <Filter>PostProcessing</Filter>
    </ClInclude>
    <ClInclude Include="D:\Parallel-Defered-Renderer\api\assimp\code\OptimizeMeshes.h">
      <Filter>PostProcessing</Filter>
    </ClInclude>
    <ClInclude Include="D:\Parallel-Defered-Renderer\api\assimp\code\DeboneProcess.h">
      <Filter>PostProcessing</Filter>
    </ClInclude>
    <ClInclude Include="D:\Parallel-Defered-Renderer\api\assimp\code\ProcessHelper.h">
      <Filter>PostProcessing</Filter>
    </ClInclude>
    <ClInclude Include="D:\Parallel-Defered-Renderer\api\assimp\code\PolyTools.h">
      <Filter>PostProcessing</Filter>
    </ClInclude>
    <ClInclude Include="D:\Parallel-Defered-Renderer\api\assimp\code\MakeVerboseFormat.h">
      <Filter>PostProcessing</Filter>
    </ClInclude>
    <ClInclude Include="D:\Parallel-Defered-Renderer\api\assimp\code\MaterialSystem.h">
      <Filter>MaterialSystem</Filter>
    </ClInclude>
    <ClInclude Include="D:\Parallel-Defered-Renderer\api\assimp\code\StepExporter.h">
      <Filter>Step</Filter>
    </ClInclude>
    <ClInclude Include="D:\Parallel-Defered-Renderer\api\assimp\code\3DSHelper.h">
      <Filter>3DS</Filter>
    </ClInclude>
    <ClInclude Include="D:\Parallel-Defered-Renderer\api\assimp\code\3DSLoader.h">
      <Filter>3DS</Filter>
    </ClInclude>
    <ClInclude Include="D:\Parallel-Defered-Renderer\api\assimp\code\3DSExporter.h">
      <Filter>3DS</Filter>
    </ClInclude>
    <ClInclude Include="D:\Parallel-Defered-Renderer\api\assimp\code\ACLoader.h">
      <Filter>AC</Filter>
    </ClInclude>
    <ClInclude Include="D:\Parallel-Defered-Renderer\api\assimp\code\ASELoader.h">
      <Filter>ASE</Filter>
    </ClInclude>
    <ClInclude Include="D:\Parallel-Defered-Renderer\api\assimp\code\ASEParser.h">
      <Filter>ASE</Filter>
    </ClInclude>
    <ClInclude Include="D:\Parallel-Defered-Renderer\api\assimp\code\AssbinExporter.h">
      <Filter>ASSBIN</Filter>
    </ClInclude>
    <ClInclude Include="D:\Parallel-Defered-Renderer\api\assimp\code\AssbinLoader.h">
      <Filter>ASSBIN</Filter>
    </ClInclude>
    <ClInclude Include="D:\Parallel-Defered-Renderer\api\assimp\code\AssxmlExporter.h">
      <Filter>ASSXML</Filter>
    </ClInclude>
    <ClInclude Include="D:\Parallel-Defered-Renderer\api\assimp\code\B3DImporter.h">
      <Filter>B3D</Filter>
    </ClInclude>
    <ClInclude Include="D:\Parallel-Defered-Renderer\api\assimp\code\BVHLoader.h">
      <Filter>BVH</Filter>
    </ClInclude>
    <ClInclude Include="D:\Parallel-Defered-Renderer\api\assimp\code\ColladaHelper.h">
      <Filter>COLLADA</Filter>
    </ClInclude>
    <ClInclude Include="D:\Parallel-Defered-Renderer\api\assimp\code\ColladaLoader.h">
      <Filter>COLLADA</Filter>
    </ClInclude>
    <ClInclude Include="D:\Parallel-Defered-Renderer\api\assimp\code\ColladaParser.h">
      <Filter>COLLADA</Filter>
    </ClInclude>
    <ClInclude Include="D:\Parallel-Defered-Renderer\api\assimp\code\ColladaExporter.h">
      <Filter>COLLADA</Filter>
    </ClInclude>
    <ClInclude Include="D:\Parallel-Defered-Renderer\api\assimp\code\DXFLoader.h">
      <Filter>DXF</Filter>
    </ClInclude>
    <ClInclude Include="D:\Parallel-Defered-Renderer\api\assimp\code\DXFHelper.h">
      <Filter>DXF</Filter>
    </ClInclude>
    <ClInclude Include="D:\Parallel-Defered-Renderer\api\assimp\code\CSMLoader.h">
      <Filter>CSM</Filter>
    </ClInclude>
    <ClInclude Include="D:\Parallel-Defered-Renderer\api\assimp\code\HMPFileData.h">
      <Filter>HMP</Filter>
    </ClInclude>
    <ClInclude Include="D:\Parallel-Defered-Renderer\api\assimp\code\HMPLoader.h">
      <Filter>HMP</Filter>
    </ClInclude>
    <ClInclude Include="D:\Parallel-Defered-Renderer\api\assimp\code\HalfLifeFileData.h">
      <Filter>HMP</Filter>
    </ClInclude>
    <ClInclude Include="D:\Parallel-Defered-Renderer\api\assimp\code\IRRLoader.h">
      <Filter>IRR</Filter>
    </ClInclude>
    <ClInclude Include="D:\Parallel-Defered-Renderer\api\assimp\code\IRRMeshLoader.h">
      <Filter>IRR</Filter>
    </ClInclude>
    <ClInclude Include="D:\Parallel-Defered-Renderer\api\assimp\code\IRRShared.h">
      <Filter>IRR</Filter>
    </ClInclude>
    <ClInclude Include="D:\Parallel-Defered-Renderer\api\assimp\code\LWOAnimation.h">
      <Filter>LWO</Filter>
    </ClInclude>
    <ClInclude Include="D:\Parallel-Defered-Renderer\api\assimp\code\LWOFileData.h">
      <Filter>LWO</Filter>
    </ClInclude>
    <ClInclude Include="D:\Parallel-Defered-Renderer\api\assimp\code\LWOLoader.h">
      <Filter>LWO</Filter>
    </ClInclude>
    <ClInclude Include="D:\Parallel-Defered-Renderer\api\assimp\code\LWSLoader.h">
      <Filter>LWS</Filter>
    </ClInclude>
    <ClInclude Include="D:\Parallel-Defered-Renderer\api\assimp\code\MD2FileData.h">
      <Filter>MD2</Filter>
    </ClInclude>
    <ClInclude Include="D:\Parallel-Defered-Renderer\api\assimp\code\MD2Loader.h">
      <Filter>MD2</Filter>
    </ClInclude>
    <ClInclude Include="D:\Parallel-Defered-Renderer\api\assimp\code\MD2NormalTable.h">
      <Filter>MD2</Filter>
    </ClInclude>
    <ClInclude Include="D:\Parallel-Defered-Renderer\api\assimp\code\MD3FileData.h">
      <Filter>MD3</Filter>
    </ClInclude>
    <ClInclude Include="D:\Parallel-Defered-Renderer\api\assimp\code\MD3Loader.h">
      <Filter>MD3</Filter>
    </ClInclude>
    <ClInclude Include="D:\Parallel-Defered-Renderer\api\assimp\code\MD5Loader.h">
      <Filter>MD5</Filter>
    </ClInclude>
    <ClInclude Include="D:\Parallel-Defered-Renderer\api\assimp\code\MD5Parser.h">
      <Filter>MD5</Filter>
    </ClInclude>
    <ClInclude Include="D:\Parallel-Defered-Renderer\api\assimp\code\MDCFileData.h">
      <Filter>MDC</Filter>
    </ClInclude>
    <ClInclude Include="D:\Parallel-Defered-Renderer\api\assimp\code\MDCLoader.h">
      <Filter>MDC</Filter>
    </ClInclude>
    <ClInclude Include="D:\Parallel-Defered-Renderer\api\assimp\code\MDCNormalTable.h">
      <Filter>MDC</Filter>
    </ClInclude>
    <ClInclude Include="D:\Parallel-Defered-Renderer\api\assimp\code\MDLDefaultColorMap.h">
      <Filter>MDL</Filter>
    </ClInclude>
    <ClInclude Include="D:\Parallel-Defered-Renderer\api\assimp\code\MDLFileData.h">
      <Filter>MDL</Filter>
    </ClInclude>
    <ClInclude Include="D:\Parallel-Defered-Renderer\api\assimp\code\MDLLoader.h">
      <Filter>MDL</Filter>
    </ClInclude>
    <ClInclude Include="D:\Parallel-Defered-Renderer\api\assimp\code\NFFLoader.h">
      <Filter>NFF</Filter>
    </ClInclude>
    <ClInclude Include="D:\Parallel-Defered-Renderer\api\assimp\code\NDOLoader.h">
      <Filter>NDO</Filter>
    </ClInclude>
    <ClInclude Include="D:\Parallel-Defered-Renderer\api\assimp\code\OFFLoader.h">
      <Filter>OFF</Filter>
    </ClInclude>
    <ClInclude Include="D:\Parallel-Defered-Renderer\api\assimp\code\ObjFileData.h">
      <Filter>OBJ</Filter>
    </ClInclude>
    <ClInclude Include="D:\Parallel-Defered-Renderer\api\assimp\code\ObjFileImporter.h">
      <Filter>OBJ</Filter>
    </ClInclude>
    <ClInclude Include="D:\Parallel-Defered-Renderer\api\assimp\code\ObjFileMtlImporter.h">
      <Filter>OBJ</Filter>
    </ClInclude>
    <ClInclude Include="D:\Parallel-Defered-Renderer\api\assimp\code\ObjFileParser.h">
      <Filter>OBJ</Filter>
    </ClInclude>
    <ClInclude Include="D:\Parallel-Defered-Renderer\api\assimp\code\ObjTools.h">
      <Filter>OBJ</Filter>
    </ClInclude>
    <ClInclude Include="D:\Parallel-Defered-Renderer\api\assimp\code\ObjExporter.h">
      <Filter>OBJ</Filter>
    </ClInclude>
    <ClInclude Include="D:\Parallel-Defered-Renderer\api\assimp\code\OgreImporter.h">
      <Filter>OGRE</Filter>
    </ClInclude>
    <ClInclude Include="D:\Parallel-Defered-Renderer\api\assimp\code\OgreStructs.h">
      <Filter>OGRE</Filter>
    </ClInclude>
    <ClInclude Include="D:\Parallel-Defered-Renderer\api\assimp\code\OgreParsingUtils.h">
      <Filter>OGRE</Filter>
    </ClInclude>
    <ClInclude Include="D:\Parallel-Defered-Renderer\api\assimp\code\OgreBinarySerializer.h">
      <Filter>OGRE</Filter>
    </ClInclude>
    <ClInclude Include="D:\Parallel-Defered-Renderer\api\assimp\code\OgreXmlSerializer.h">
      <Filter>OGRE</Filter>
    </ClInclude>
    <ClInclude Include="D:\Parallel-Defered-Renderer\api\assimp\code\OpenGEXExporter.h">
      <Filter>OPENGEX</Filter>
    </ClInclude>
    <ClInclude Include="D:\Parallel-Defered-Renderer\api\assimp\code\OpenGEXImporter.h">
      <Filter>OPENGEX</Filter>
    </ClInclude>
    <ClInclude Include="D:\Parallel-Defered-Renderer\api\assimp\code\OpenGEXStructs.h">
      <Filter>OPENGEX</Filter>
    </ClInclude>
    <ClInclude Include="D:\Parallel-Defered-Renderer\api\assimp\code\PlyLoader.h">
      <Filter>PLY</Filter>
    </ClInclude>
    <ClInclude Include="D:\Parallel-Defered-Renderer\api\assimp\code\PlyParser.h">
      <Filter>PLY</Filter>
    </ClInclude>
    <ClInclude Include="D:\Parallel-Defered-Renderer\api\assimp\code\PlyExporter.h">
      <Filter>PLY</Filter>
    </ClInclude>
    <ClInclude Include="D:\Parallel-Defered-Renderer\api\assimp\code\MS3DLoader.h">
      <Filter>MS3D</Filter>
    </ClInclude>
    <ClInclude Include="D:\Parallel-Defered-Renderer\api\assimp\code\COBLoader.h">
      <Filter>COB</Filter>
    </ClInclude>
    <ClInclude Include="D:\Parallel-Defered-Renderer\api\assimp\code\COBScene.h">
      <Filter>COB</Filter>
    </ClInclude>
    <ClInclude Include="D:\Parallel-Defered-Renderer\api\assimp\code\BlenderLoader.h">
      <Filter>BLEND</Filter>
    </ClInclude>
    <ClInclude Include="D:\Parallel-Defered-Renderer\api\assimp\code\BlenderDNA.h">
      <Filter>BLEND</Filter>
    </ClInclude>
    <ClInclude Include="D:\Parallel-Defered-Renderer\api\assimp\code\BlenderDNA.inl">
      <Filter>BLEND</Filter>
    </ClInclude>
    <ClInclude Include="D:\Parallel-Defered-Renderer\api\assimp\code\BlenderScene.h">
      <Filter>BLEND</Filter>
    </ClInclude>
    <ClInclude Include="D:\Parallel-Defered-Renderer\api\assimp\code\BlenderSceneGen.h">
      <Filter>BLEND</Filter>
    </ClInclude>
    <ClInclude Include="D:\Parallel-Defered-Renderer\api\assimp\code\BlenderIntermediate.h">
      <Filter>BLEND</Filter>
    </ClInclude>
    <ClInclude Include="D:\Parallel-Defered-Renderer\api\assimp\code\BlenderModifier.h">
      <Filter>BLEND</Filter>
    </ClInclude>
    <ClInclude Include="D:\Parallel-Defered-Renderer\api\assimp\code\BlenderBMesh.h">
      <Filter>BLEND</Filter>
    </ClInclude>
    <ClInclude Include="D:\Parallel-Defered-Renderer\api\assimp\code\BlenderTessellator.h">
      <Filter>BLEND</Filter>
    </ClInclude>
    <ClInclude Include="D:\Parallel-Defered-Renderer\api\assimp\code\IFCLoader.h">
      <Filter>IFC</Filter>
    </ClInclude>
    <ClInclude Include="D:\Parallel-Defered-Renderer\api\assimp\code\IFCReaderGen.h">
      <Filter>IFC</Filter>
    </ClInclude>
    <ClInclude Include="D:\Parallel-Defered-Renderer\api\assimp\code\IFCUtil.h">
      <Filter>IFC</Filter>
    </ClInclude>
    <ClInclude Include="D:\Parallel-Defered-Renderer\api\assimp\code\STEPFile.h">
      <Filter>IFC</Filter>
    </ClInclude>
    <ClInclude Include="D:\Parallel-Defered-Renderer\api\assimp\code\STEPFileReader.h">
      <Filter>IFC</Filter>
    </ClInclude>
    <ClInclude Include="D:\Parallel-Defered-Renderer\api\assimp\code\STEPFileEncoding.h">
      <Filter>IFC</Filter>
    </ClInclude>
    <ClInclude Include="D:\Parallel-Defered-Renderer\api\assimp\code\XGLLoader.h">
      <Filter>XGL</Filter>
    </ClInclude>
    <ClInclude Include="D:\Parallel-Defered-Renderer\api\assimp\code\FBXCompileConfig.h">
      <Filter>FBX</Filter>
    </ClInclude>
    <ClInclude Include="D:\Parallel-Defered-Renderer\api\assimp\code\FBXImporter.h">
      <Filter>FBX</Filter>
    </ClInclude>
    <ClInclude Include="D:\Parallel-Defered-Renderer\api\assimp\code\FBXParser.h">
      <Filter>FBX</Filter>
    </ClInclude>
    <ClInclude Include="D:\Parallel-Defered-Renderer\api\assimp\code\FBXTokenizer.h">
      <Filter>FBX</Filter>
    </ClInclude>
    <ClInclude Include="D:\Parallel-Defered-Renderer\api\assimp\code\FBXImportSettings.h">
      <Filter>FBX</Filter>
    </ClInclude>
    <ClInclude Include="D:\Parallel-Defered-Renderer\api\assimp\code\FBXConverter.h">
      <Filter>FBX</Filter>
    </ClInclude>
    <ClInclude Include="D:\Parallel-Defered-Renderer\api\assimp\code\FBXUtil.h">
      <Filter>FBX</Filter>
    </ClInclude>
    <ClInclude Include="D:\Parallel-Defered-Renderer\api\assimp\code\FBXDocument.h">
      <Filter>FBX</Filter>
    </ClInclude>
    <ClInclude Include="D:\Parallel-Defered-Renderer\api\assimp\code\FBXProperties.h">
      <Filter>FBX</Filter>
    </ClInclude>
    <ClInclude Include="D:\Parallel-Defered-Renderer\api\assimp\code\FBXMeshGeometry.h">
      <Filter>FBX</Filter>
    </ClInclude>
    <ClInclude Include="D:\Parallel-Defered-Renderer\api\assimp\code\Q3DLoader.h">
      <Filter>Q3D</Filter>
    </ClInclude>
    <ClInclude Include="D:\Parallel-Defered-Renderer\api\assimp\code\Q3BSPFileData.h">
      <Filter>Q3BSP</Filter>
    </ClInclude>
    <ClInclude Include="D:\Parallel-Defered-Renderer\api\assimp\code\Q3BSPFileParser.h">
      <Filter>Q3BSP</Filter>
    </ClInclude>
    <ClInclude Include="D:\Parallel-Defered-Renderer\api\assimp\code\Q3BSPFileImporter.h">
      <Filter>Q3BSP</Filter>
    </ClInclude>
    <ClInclude Include="D:\Parallel-Defered-Renderer\api\assimp\code\Q3BSPZipArchive.h">
      <Filter>Q3BSP</Filter>
    </ClInclude>
    <ClInclude Include="D:\Parallel-Defered-Renderer\api\assimp\code\RawLoader.h">
      <Filter>RAW</Filter>
    </ClInclude>
    <ClInclude Include="D:\Parallel-Defered-Renderer\api\assimp\code\SIBImporter.h">
      <Filter>SIB</Filter>
    </ClInclude>
    <ClInclude Include="D:\Parallel-Defered-Renderer\api\assimp\code\SMDLoader.h">
      <Filter>SMD</Filter>
    </ClInclude>
    <ClInclude Include="D:\Parallel-Defered-Renderer\api\assimp\code\STLLoader.h">
      <Filter>STL</Filter>
    </ClInclude>
    <ClInclude Include="D:\Parallel-Defered-Renderer\api\assimp\code\STLExporter.h">
      <Filter>STL</Filter>
    </ClInclude>
    <ClInclude Include="D:\Parallel-Defered-Renderer\api\assimp\code\TerragenLoader.h">
      <Filter>TERRAGEN</Filter>
    </ClInclude>
    <ClInclude Include="D:\Parallel-Defered-Renderer\api\assimp\code\UnrealLoader.h">
      <Filter>3D</Filter>
    </ClInclude>
    <ClInclude Include="D:\Parallel-Defered-Renderer\api\assimp\code\XFileHelper.h">
      <Filter>X</Filter>
    </ClInclude>
    <ClInclude Include="D:\Parallel-Defered-Renderer\api\assimp\code\XFileImporter.h">
      <Filter>X</Filter>
    </ClInclude>
    <ClInclude Include="D:\Parallel-Defered-Renderer\api\assimp\code\XFileParser.h">
      <Filter>X</Filter>
    </ClInclude>
    <ClInclude Include="D:\Parallel-Defered-Renderer\api\assimp\code\XFileExporter.h">
      <Filter>X</Filter>
    </ClInclude>
    <ClInclude Include="D:\Parallel-Defered-Renderer\api\assimp\code\glTFAsset.h">
      <Filter>GLTF</Filter>
    </ClInclude>
    <ClInclude Include="D:\Parallel-Defered-Renderer\api\assimp\code\glTFAsset.inl">
      <Filter>GLTF</Filter>
    </ClInclude>
    <ClInclude Include="D:\Parallel-Defered-Renderer\api\assimp\code\glTFAssetWriter.h">
      <Filter>GLTF</Filter>
    </ClInclude>
    <ClInclude Include="D:\Parallel-Defered-Renderer\api\assimp\code\glTFAssetWriter.inl">
      <Filter>GLTF</Filter>
    </ClInclude>
    <ClInclude Include="D:\Parallel-Defered-Renderer\api\assimp\code\glTFImporter.h">
      <Filter>GLTF</Filter>
    </ClInclude>
    <ClInclude Include="D:\Parallel-Defered-Renderer\api\assimp\code\glTFExporter.h">
      <Filter>GLTF</Filter>
    </ClInclude>
    <ClInclude Include="D:\Parallel-Defered-Renderer\api\assimp\code\irrXMLWrapper.h">
      <Filter>IrrXML</Filter>
    </ClInclude>
    <ClInclude Include="D:\Parallel-Defered-Renderer\api\assimp\contrib\irrXML\CXMLReaderImpl.h">
      <Filter>IrrXML</Filter>
    </ClInclude>
    <ClInclude Include="D:\Parallel-Defered-Renderer\api\assimp\contrib\irrXML\heapsort.h">
      <Filter>IrrXML</Filter>
    </ClInclude>
    <ClInclude Include="D:\Parallel-Defered-Renderer\api\assimp\contrib\irrXML\irrArray.h">
      <Filter>IrrXML</Filter>
    </ClInclude>
    <ClInclude Include="D:\Parallel-Defered-Renderer\api\assimp\contrib\irrXML\irrString.h">
      <Filter>IrrXML</Filter>
    </ClInclude>
    <ClInclude Include="D:\Parallel-Defered-Renderer\api\assimp\contrib\irrXML\irrTypes.h">
      <Filter>IrrXML</Filter>
    </ClInclude>
    <ClInclude Include="D:\Parallel-Defered-Renderer\api\assimp\contrib\irrXML\irrXML.h">
      <Filter>IrrXML</Filter>
    </ClInclude>
    <ClInclude Include="D:\Parallel-Defered-Renderer\api\assimp\contrib\ConvertUTF\ConvertUTF.h">
      <Filter>ConvertUTF</Filter>
    </ClInclude>
    <ClInclude Include="D:\Parallel-Defered-Renderer\api\assimp\contrib\unzip\crypt.h">
      <Filter>unzip</Filter>
    </ClInclude>
    <ClInclude Include="D:\Parallel-Defered-Renderer\api\assimp\contrib\unzip\ioapi.h">
      <Filter>unzip</Filter>
    </ClInclude>
    <ClInclude Include="D:\Parallel-Defered-Renderer\api\assimp\contrib\unzip\unzip.h">
      <Filter>unzip</Filter>
    </ClInclude>
    <ClInclude Include="D:\Parallel-Defered-Renderer\api\assimp\contrib\poly2tri\poly2tri\common\shapes.h">
      <Filter>Poly2Tri</Filter>
    </ClInclude>
    <ClInclude Include="D:\Parallel-Defered-Renderer\api\assimp\contrib\poly2tri\poly2tri\common\utils.h">
      <Filter>Poly2Tri</Filter>
    </ClInclude>
    <ClInclude Include="D:\Parallel-Defered-Renderer\api\assimp\contrib\poly2tri\poly2tri\sweep\advancing_front.h">
      <Filter>Poly2Tri</Filter>
    </ClInclude>
    <ClInclude Include="D:\Parallel-Defered-Renderer\api\assimp\contrib\poly2tri\poly2tri\sweep\cdt.h">
      <Filter>Poly2Tri</Filter>
    </ClInclude>
    <ClInclude Include="D:\Parallel-Defered-Renderer\api\assimp\contrib\poly2tri\poly2tri\sweep\sweep.h">
      <Filter>Poly2Tri</Filter>
    </ClInclude>
    <ClInclude Include="D:\Parallel-Defered-Renderer\api\assimp\contrib\poly2tri\poly2tri\sweep\sweep_context.h">
      <Filter>Poly2Tri</Filter>
    </ClInclude>
    <ClInclude Include="D:\Parallel-Defered-Renderer\api\assimp\contrib\clipper\clipper.hpp">
      <Filter>Clipper</Filter>
    </ClInclude>
    <ClInclude Include="D:\Parallel-Defered-Renderer\api\assimp\contrib\openddlparser\include\openddlparser\OpenDDLParser.h">
      <Filter>openddl_parser</Filter>
    </ClInclude>
    <ClInclude Include="D:\Parallel-Defered-Renderer\api\assimp\contrib\openddlparser\include\openddlparser\OpenDDLParserUtils.h">
      <Filter>openddl_parser</Filter>
    </ClInclude>
    <ClInclude Include="D:\Parallel-Defered-Renderer\api\assimp\contrib\openddlparser\include\openddlparser\OpenDDLCommon.h">
      <Filter>openddl_parser</Filter>
    </ClInclude>
    <ClInclude Include="D:\Parallel-Defered-Renderer\api\assimp\contrib\openddlparser\include\openddlparser\OpenDDLExport.h">
      <Filter>openddl_parser</Filter>
    </ClInclude>
    <ClInclude Include="D:\Parallel-Defered-Renderer\api\assimp\contrib\openddlparser\include\openddlparser\DDLNode.h">
      <Filter>openddl_parser</Filter>
    </ClInclude>
    <ClInclude Include="D:\Parallel-Defered-Renderer\api\assimp\contrib\openddlparser\include\openddlparser\Value.h">
      <Filter>openddl_parser</Filter>
    </ClInclude>
    <ClInclude Include="D:\Parallel-Defered-Renderer\api\assimp\include\assimp\anim.h">
      <Filter>Header Files</Filter>
    </ClInclude>
    <ClInclude Include="D:\Parallel-Defered-Renderer\api\assimp\include\assimp\ai_assert.h">
      <Filter>Header Files</Filter>
    </ClInclude>
    <ClInclude Include="D:\Parallel-Defered-Renderer\api\assimp\include\assimp\camera.h">
      <Filter>Header Files</Filter>
    </ClInclude>
    <ClInclude Include="D:\Parallel-Defered-Renderer\api\assimp\include\assimp\color4.h">
      <Filter>Header Files</Filter>
    </ClInclude>
    <ClInclude Include="D:\Parallel-Defered-Renderer\api\assimp\include\assimp\color4.inl">
      <Filter>Header Files</Filter>
    </ClInclude>
    <ClInclude Include="D:\Parallel-Defered-Renderer\api\assimp\include\assimp\config.h">
      <Filter>Header Files</Filter>
    </ClInclude>
    <ClInclude Include="D:\Parallel-Defered-Renderer\api\assimp\include\assimp\defs.h">
      <Filter>Header Files</Filter>
    </ClInclude>
    <ClInclude Include="D:\Parallel-Defered-Renderer\api\assimp\include\assimp\cfileio.h">
      <Filter>Header Files</Filter>
    </ClInclude>
    <ClInclude Include="D:\Parallel-Defered-Renderer\api\assimp\include\assimp\light.h">
      <Filter>Header Files</Filter>
    </ClInclude>
    <ClInclude Include="D:\Parallel-Defered-Renderer\api\assimp\include\assimp\material.h">
      <Filter>Header Files</Filter>
    </ClInclude>
    <ClInclude Include="D:\Parallel-Defered-Renderer\api\assimp\include\assimp\material.inl">
      <Filter>Header Files</Filter>
    </ClInclude>
    <ClInclude Include="D:\Parallel-Defered-Renderer\api\assimp\include\assimp\matrix3x3.h">
      <Filter>Header Files</Filter>
    </ClInclude>
    <ClInclude Include="D:\Parallel-Defered-Renderer\api\assimp\include\assimp\matrix3x3.inl">
      <Filter>Header Files</Filter>
    </ClInclude>
    <ClInclude Include="D:\Parallel-Defered-Renderer\api\assimp\include\assimp\matrix4x4.h">
      <Filter>Header Files</Filter>
    </ClInclude>
    <ClInclude Include="D:\Parallel-Defered-Renderer\api\assimp\include\assimp\matrix4x4.inl">
      <Filter>Header Files</Filter>
    </ClInclude>
    <ClInclude Include="D:\Parallel-Defered-Renderer\api\assimp\include\assimp\mesh.h">
      <Filter>Header Files</Filter>
    </ClInclude>
    <ClInclude Include="D:\Parallel-Defered-Renderer\api\assimp\include\assimp\postprocess.h">
      <Filter>Header Files</Filter>
    </ClInclude>
    <ClInclude Include="D:\Parallel-Defered-Renderer\api\assimp\include\assimp\quaternion.h">
      <Filter>Header Files</Filter>
    </ClInclude>
    <ClInclude Include="D:\Parallel-Defered-Renderer\api\assimp\include\assimp\quaternion.inl">
      <Filter>Header Files</Filter>
    </ClInclude>
    <ClInclude Include="D:\Parallel-Defered-Renderer\api\assimp\include\assimp\scene.h">
      <Filter>Header Files</Filter>
    </ClInclude>
    <ClInclude Include="D:\Parallel-Defered-Renderer\api\assimp\include\assimp\metadata.h">
      <Filter>Header Files</Filter>
    </ClInclude>
    <ClInclude Include="D:\Parallel-Defered-Renderer\api\assimp\include\assimp\texture.h">
      <Filter>Header Files</Filter>
    </ClInclude>
    <ClInclude Include="D:\Parallel-Defered-Renderer\api\assimp\include\assimp\types.h">
      <Filter>Header Files</Filter>
    </ClInclude>
    <ClInclude Include="D:\Parallel-Defered-Renderer\api\assimp\include\assimp\vector2.h">
      <Filter>Header Files</Filter>
    </ClInclude>
    <ClInclude Include="D:\Parallel-Defered-Renderer\api\assimp\include\assimp\vector2.inl">
      <Filter>Header Files</Filter>
    </ClInclude>
    <ClInclude Include="D:\Parallel-Defered-Renderer\api\assimp\include\assimp\vector3.h">
      <Filter>Header Files</Filter>
    </ClInclude>
    <ClInclude Include="D:\Parallel-Defered-Renderer\api\assimp\include\assimp\vector3.inl">
      <Filter>Header Files</Filter>
    </ClInclude>
    <ClInclude Include="D:\Parallel-Defered-Renderer\api\assimp\include\assimp\version.h">
      <Filter>Header Files</Filter>
    </ClInclude>
    <ClInclude Include="D:\Parallel-Defered-Renderer\api\assimp\include\assimp\cimport.h">
      <Filter>Header Files</Filter>
    </ClInclude>
    <ClInclude Include="D:\Parallel-Defered-Renderer\api\assimp\include\assimp\importerdesc.h">
      <Filter>Header Files</Filter>
    </ClInclude>
    <ClInclude Include="D:\Parallel-Defered-Renderer\api\assimp\include\assimp\Importer.hpp">
      <Filter>Header Files</Filter>
    </ClInclude>
    <ClInclude Include="D:\Parallel-Defered-Renderer\api\assimp\include\assimp\ProgressHandler.hpp">
      <Filter>Header Files</Filter>
    </ClInclude>
    <ClInclude Include="D:\Parallel-Defered-Renderer\api\assimp\include\assimp\IOStream.hpp">
      <Filter>Header Files</Filter>
    </ClInclude>
    <ClInclude Include="D:\Parallel-Defered-Renderer\api\assimp\include\assimp\IOSystem.hpp">
      <Filter>Header Files</Filter>
    </ClInclude>
    <ClInclude Include="D:\Parallel-Defered-Renderer\api\assimp\include\assimp\cexport.h">
      <Filter>Header Files</Filter>
    </ClInclude>
    <ClInclude Include="D:\Parallel-Defered-Renderer\api\assimp\include\assimp\Exporter.hpp">
      <Filter>Header Files</Filter>
    </ClInclude>
    <ClInclude Include="D:\Parallel-Defered-Renderer\api\assimp\include\assimp\Compiler\pushpack1.h">
      <Filter>Compiler</Filter>
    </ClInclude>
    <ClInclude Include="D:\Parallel-Defered-Renderer\api\assimp\include\assimp\Compiler\poppack1.h">
      <Filter>Compiler</Filter>
    </ClInclude>
    <ClInclude Include="D:\Parallel-Defered-Renderer\api\assimp\include\assimp\Compiler\pstdint.h">
      <Filter>Compiler</Filter>
    </ClInclude>
  </ItemGroup>
  <ItemGroup>
    <CustomBuild Include="D:\Parallel-Defered-Renderer\api\assimp\code\CMakeLists.txt" />
  </ItemGroup>
  <ItemGroup>
    <Filter Include="3D">
      <UniqueIdentifier>{39AE34E9-4A29-388A-AF72-698F78A3E24E}</UniqueIdentifier>
    </Filter>
    <Filter Include="3DS">
      <UniqueIdentifier>{32516C59-780F-38DE-B939-56E6452021F4}</UniqueIdentifier>
    </Filter>
    <Filter Include="AC">
      <UniqueIdentifier>{27FFB9FD-698F-3809-A52A-8D14B41E0C6C}</UniqueIdentifier>
    </Filter>
    <Filter Include="ASE">
      <UniqueIdentifier>{6735DE87-08C5-3F38-A51C-C3ED628BC27F}</UniqueIdentifier>
    </Filter>
    <Filter Include="ASSBIN">
      <UniqueIdentifier>{3350B3E0-62E9-3340-B9C6-D8051E1E7AC6}</UniqueIdentifier>
    </Filter>
    <Filter Include="ASSXML">
      <UniqueIdentifier>{0478648C-AB4C-39D8-9531-52149EF10EE8}</UniqueIdentifier>
    </Filter>
    <Filter Include="B3D">
      <UniqueIdentifier>{104BE5B1-AD47-3004-AF5A-64F2B7954E38}</UniqueIdentifier>
    </Filter>
    <Filter Include="BLEND">
      <UniqueIdentifier>{6C40084A-1B5F-36A2-A344-F86096042882}</UniqueIdentifier>
    </Filter>
    <Filter Include="BVH">
      <UniqueIdentifier>{3A495537-8466-3902-BEFB-B2F21E62FE2D}</UniqueIdentifier>
    </Filter>
    <Filter Include="COB">
      <UniqueIdentifier>{0B4EE7D0-F846-350A-87C3-1F5EAA524323}</UniqueIdentifier>
    </Filter>
    <Filter Include="COLLADA">
      <UniqueIdentifier>{535BC29C-D0F6-367E-A475-7FF8FA698BF7}</UniqueIdentifier>
    </Filter>
    <Filter Include="CSM">
      <UniqueIdentifier>{4375665E-61C7-3F3A-B828-01EB97CB15CC}</UniqueIdentifier>
    </Filter>
    <Filter Include="Clipper">
      <UniqueIdentifier>{AF7B5EBC-69B6-3014-A661-AB3E53F00B08}</UniqueIdentifier>
    </Filter>
    <Filter Include="Common">
      <UniqueIdentifier>{60CD681A-E181-35BD-95FF-E8E7915355EB}</UniqueIdentifier>
    </Filter>
    <Filter Include="Compiler">
      <UniqueIdentifier>{DE965B5C-E9EC-3724-B535-371BA42D8588}</UniqueIdentifier>
    </Filter>
    <Filter Include="ConvertUTF">
      <UniqueIdentifier>{FC77DFE3-FEF9-3964-BBFA-EB3DEAC7F3EC}</UniqueIdentifier>
    </Filter>
    <Filter Include="DXF">
      <UniqueIdentifier>{1C0CFDB1-6BBC-3417-958C-8DFB56188A0E}</UniqueIdentifier>
    </Filter>
    <Filter Include="Exporter">
      <UniqueIdentifier>{451F4B3C-CEAD-3F57-BB9B-0618298BD158}</UniqueIdentifier>
    </Filter>
    <Filter Include="FBX">
      <UniqueIdentifier>{62098326-B6D2-337C-ABD3-99C93BB9F9D7}</UniqueIdentifier>
    </Filter>
    <Filter Include="GLTF">
      <UniqueIdentifier>{61BBFB97-0317-324B-BA9C-13157D8E759C}</UniqueIdentifier>
    </Filter>
    <Filter Include="HMP">
      <UniqueIdentifier>{7FA95CAD-48B8-3E1C-A011-849C95C39EA3}</UniqueIdentifier>
    </Filter>
    <Filter Include="Header Files">
      <UniqueIdentifier>{66CCADB7-FBA3-367E-891C-AD0589175F34}</UniqueIdentifier>
    </Filter>
    <Filter Include="IFC">
      <UniqueIdentifier>{3384A543-5907-3D32-BA19-FD3BA4467EDD}</UniqueIdentifier>
    </Filter>
    <Filter Include="IRR">
      <UniqueIdentifier>{1872ED4A-FB16-3EA0-A79D-19479C778C6F}</UniqueIdentifier>
    </Filter>
    <Filter Include="IrrXML">
      <UniqueIdentifier>{53AD4590-CB01-3BEF-B7C0-D6EE5BEB3704}</UniqueIdentifier>
    </Filter>
    <Filter Include="LWO">
      <UniqueIdentifier>{226A468D-C852-3167-924A-931649C7CE24}</UniqueIdentifier>
    </Filter>
    <Filter Include="LWS">
      <UniqueIdentifier>{7B951104-F3B1-3D52-ACD3-707E3F1D52BB}</UniqueIdentifier>
    </Filter>
    <Filter Include="Logging">
      <UniqueIdentifier>{6A2DDEEE-0ADA-3AE9-968C-1DCAFAB7A532}</UniqueIdentifier>
    </Filter>
    <Filter Include="MD2">
      <UniqueIdentifier>{B052C1D0-D321-35C2-9778-354C1268F1E8}</UniqueIdentifier>
    </Filter>
    <Filter Include="MD3">
      <UniqueIdentifier>{D9C3FFDB-5A55-3687-A145-1F080BAAD082}</UniqueIdentifier>
    </Filter>
    <Filter Include="MD5">
      <UniqueIdentifier>{ADBBD574-9C31-3C06-A6B3-F7999DA55EB6}</UniqueIdentifier>
    </Filter>
    <Filter Include="MDC">
      <UniqueIdentifier>{A559C167-8340-3B27-A651-3128299A38D8}</UniqueIdentifier>
    </Filter>
    <Filter Include="MDL">
      <UniqueIdentifier>{F769DB24-B5B8-3F0B-9532-09E627046AD1}</UniqueIdentifier>
    </Filter>
    <Filter Include="MS3D">
      <UniqueIdentifier>{39814651-AE63-3422-B3D3-1AF249E63509}</UniqueIdentifier>
    </Filter>
    <Filter Include="MaterialSystem">
      <UniqueIdentifier>{288C4C6C-E7D6-3C5B-B471-175B73682FEF}</UniqueIdentifier>
    </Filter>
    <Filter Include="NDO">
      <UniqueIdentifier>{86BA8995-E480-3A60-BCE3-DDAB3865441B}</UniqueIdentifier>
    </Filter>
    <Filter Include="NFF">
      <UniqueIdentifier>{347B0A0B-62E9-3B1B-8129-FEDFB637515F}</UniqueIdentifier>
    </Filter>
    <Filter Include="OBJ">
      <UniqueIdentifier>{F7ED01D1-3F26-33E6-90CE-1AF1A690AA30}</UniqueIdentifier>
    </Filter>
    <Filter Include="OFF">
      <UniqueIdentifier>{5E6C6523-1872-3126-85F4-95615FD4ACF4}</UniqueIdentifier>
    </Filter>
    <Filter Include="OGRE">
      <UniqueIdentifier>{7EE75DFF-0AD7-3B83-903C-FE833B2FEBDE}</UniqueIdentifier>
    </Filter>
    <Filter Include="OPENGEX">
      <UniqueIdentifier>{B76F7094-8749-379E-AC3F-778851720FEC}</UniqueIdentifier>
    </Filter>
    <Filter Include="PLY">
      <UniqueIdentifier>{EF04ABA6-C1D6-34C7-A69C-BF7253CE897F}</UniqueIdentifier>
    </Filter>
    <Filter Include="Poly2Tri">
      <UniqueIdentifier>{18FC061A-DA8A-3AEF-B4FD-0F5191DE574F}</UniqueIdentifier>
    </Filter>
    <Filter Include="PostProcessing">
      <UniqueIdentifier>{61AFF031-322C-3125-AB0E-2BD9FE699866}</UniqueIdentifier>
    </Filter>
    <Filter Include="Q3BSP">
      <UniqueIdentifier>{98CADF46-140F-36F0-B919-792CA8CFDA0B}</UniqueIdentifier>
    </Filter>
    <Filter Include="Q3D">
      <UniqueIdentifier>{09A1536B-3594-3914-82CE-AB66BE41838A}</UniqueIdentifier>
    </Filter>
    <Filter Include="RAW">
      <UniqueIdentifier>{5FD4BD4E-2F99-3BDD-8271-1C2532D9ECE0}</UniqueIdentifier>
    </Filter>
    <Filter Include="SIB">
      <UniqueIdentifier>{C11B8557-DC3B-3BE7-BCA3-1CDD52409196}</UniqueIdentifier>
    </Filter>
    <Filter Include="SMD">
      <UniqueIdentifier>{383CC86D-B4C5-339D-8447-7CF4F62E5A95}</UniqueIdentifier>
    </Filter>
    <Filter Include="STL">
      <UniqueIdentifier>{22018433-789D-3A73-A60B-3A0D9D50470C}</UniqueIdentifier>
    </Filter>
    <Filter Include="Source Files">
      <UniqueIdentifier>{CE53746F-AAA1-3517-9960-D7A9558608BB}</UniqueIdentifier>
    </Filter>
    <Filter Include="Step">
      <UniqueIdentifier>{8593EC0B-B3AD-3C9E-97C4-B70B079AAB6F}</UniqueIdentifier>
    </Filter>
    <Filter Include="TERRAGEN">
      <UniqueIdentifier>{5870BF62-18DB-3A66-9250-E6F906565755}</UniqueIdentifier>
    </Filter>
    <Filter Include="X">
      <UniqueIdentifier>{1A6E1CC1-CCA0-30AE-90A6-1EF9CC4C0308}</UniqueIdentifier>
    </Filter>
    <Filter Include="XGL">
      <UniqueIdentifier>{85A3A520-4534-353D-B461-9D695521D449}</UniqueIdentifier>
    </Filter>
    <Filter Include="openddl_parser">
      <UniqueIdentifier>{A32EFCC2-FDF3-35D0-B596-1185DEBF4AAD}</UniqueIdentifier>
    </Filter>
    <Filter Include="unzip">
      <UniqueIdentifier>{7690FC80-EFD9-361A-9889-9EAD4707C583}</UniqueIdentifier>
    </Filter>
  </ItemGroup>
</Project>
