
Microsoft Visual Studio Solution File, Format Version 12.00
# Visual Studio Version 17
Project("{2150E333-8FDC-42A3-9474-1A3956D46DE8}") = "CMakePredefinedTargets", "CMakePredefinedTargets", "{1A372695-52C5-3742-A881-6FD947642A4A}"
EndProject
Project("{2150E333-8FDC-42A3-9474-1A3956D46DE8}") = "GLFW3", "GLFW3", "{1FD6A106-6765-31CA-9004-68642F98F83D}"
EndProject
Project("{8BC9CEB8-8B4A-11D0-8D11-00A0C91BC942}") = "ALL_BUILD", "ALL_BUILD.vcxproj", "{EFF41610-B2BA-39FD-8026-86868B5E040D}"
	ProjectSection(ProjectDependencies) = postProject
		{6BFC4548-6EE7-387E-9E10-DF5EFDDF2576} = {6BFC4548-6EE7-387E-9E10-DF5EFDDF2576}
		{CE7C838E-6766-3FB3-B4A0-6AE5046A2C78} = {CE7C838E-6766-3FB3-B4A0-6AE5046A2C78}
	EndProjectSection
EndProject
Project("{8BC9CEB8-8B4A-11D0-8D11-00A0C91BC942}") = "INSTALL", "INSTALL.vcxproj", "{E8CCEB13-C640-3315-9364-F9745F9F4CB0}"
	ProjectSection(ProjectDependencies) = postProject
		{EFF41610-B2BA-39FD-8026-86868B5E040D} = {EFF41610-B2BA-39FD-8026-86868B5E040D}
		{6BFC4548-6EE7-387E-9E10-DF5EFDDF2576} = {6BFC4548-6EE7-387E-9E10-DF5EFDDF2576}
	EndProjectSection
EndProject
Project("{8BC9CEB8-8B4A-11D0-8D11-00A0C91BC942}") = "ZERO_CHECK", "..\..\\ZERO_CHECK.vcxproj", "{6BFC4548-6EE7-387E-9E10-DF5EFDDF2576}"
	ProjectSection(ProjectDependencies) = postProject
	EndProjectSection
EndProject
Project("{8BC9CEB8-8B4A-11D0-8D11-00A0C91BC942}") = "glfw", "src\glfw.vcxproj", "{CE7C838E-6766-3FB3-B4A0-6AE5046A2C78}"
	ProjectSection(ProjectDependencies) = postProject
		{6BFC4548-6EE7-387E-9E10-DF5EFDDF2576} = {6BFC4548-6EE7-387E-9E10-DF5EFDDF2576}
	EndProjectSection
EndProject
Project("{8BC9CEB8-8B4A-11D0-8D11-00A0C91BC942}") = "uninstall", "uninstall.vcxproj", "{3D817F4A-72E3-3408-B9D7-02B198A7B96E}"
	ProjectSection(ProjectDependencies) = postProject
		{6BFC4548-6EE7-387E-9E10-DF5EFDDF2576} = {6BFC4548-6EE7-387E-9E10-DF5EFDDF2576}
	EndProjectSection
EndProject
Global
	GlobalSection(SolutionConfigurationPlatforms) = preSolution
		Debug|x64 = Debug|x64
		Release|x64 = Release|x64
		MinSizeRel|x64 = MinSizeRel|x64
		RelWithDebInfo|x64 = RelWithDebInfo|x64
	EndGlobalSection
	GlobalSection(ProjectConfigurationPlatforms) = postSolution
		{EFF41610-B2BA-39FD-8026-86868B5E040D}.Debug|x64.ActiveCfg = Debug|x64
		{EFF41610-B2BA-39FD-8026-86868B5E040D}.Debug|x64.Build.0 = Debug|x64
		{EFF41610-B2BA-39FD-8026-86868B5E040D}.Release|x64.ActiveCfg = Release|x64
		{EFF41610-B2BA-39FD-8026-86868B5E040D}.Release|x64.Build.0 = Release|x64
		{EFF41610-B2BA-39FD-8026-86868B5E040D}.MinSizeRel|x64.ActiveCfg = MinSizeRel|x64
		{EFF41610-B2BA-39FD-8026-86868B5E040D}.MinSizeRel|x64.Build.0 = MinSizeRel|x64
		{EFF41610-B2BA-39FD-8026-86868B5E040D}.RelWithDebInfo|x64.ActiveCfg = RelWithDebInfo|x64
		{EFF41610-B2BA-39FD-8026-86868B5E040D}.RelWithDebInfo|x64.Build.0 = RelWithDebInfo|x64
		{E8CCEB13-C640-3315-9364-F9745F9F4CB0}.Debug|x64.ActiveCfg = Debug|x64
		{E8CCEB13-C640-3315-9364-F9745F9F4CB0}.Release|x64.ActiveCfg = Release|x64
		{E8CCEB13-C640-3315-9364-F9745F9F4CB0}.MinSizeRel|x64.ActiveCfg = MinSizeRel|x64
		{E8CCEB13-C640-3315-9364-F9745F9F4CB0}.RelWithDebInfo|x64.ActiveCfg = RelWithDebInfo|x64
		{6BFC4548-6EE7-387E-9E10-DF5EFDDF2576}.Debug|x64.ActiveCfg = Debug|x64
		{6BFC4548-6EE7-387E-9E10-DF5EFDDF2576}.Debug|x64.Build.0 = Debug|x64
		{6BFC4548-6EE7-387E-9E10-DF5EFDDF2576}.Release|x64.ActiveCfg = Release|x64
		{6BFC4548-6EE7-387E-9E10-DF5EFDDF2576}.Release|x64.Build.0 = Release|x64
		{6BFC4548-6EE7-387E-9E10-DF5EFDDF2576}.MinSizeRel|x64.ActiveCfg = MinSizeRel|x64
		{6BFC4548-6EE7-387E-9E10-DF5EFDDF2576}.MinSizeRel|x64.Build.0 = MinSizeRel|x64
		{6BFC4548-6EE7-387E-9E10-DF5EFDDF2576}.RelWithDebInfo|x64.ActiveCfg = RelWithDebInfo|x64
		{6BFC4548-6EE7-387E-9E10-DF5EFDDF2576}.RelWithDebInfo|x64.Build.0 = RelWithDebInfo|x64
		{CE7C838E-6766-3FB3-B4A0-6AE5046A2C78}.Debug|x64.ActiveCfg = Debug|x64
		{CE7C838E-6766-3FB3-B4A0-6AE5046A2C78}.Debug|x64.Build.0 = Debug|x64
		{CE7C838E-6766-3FB3-B4A0-6AE5046A2C78}.Release|x64.ActiveCfg = Release|x64
		{CE7C838E-6766-3FB3-B4A0-6AE5046A2C78}.Release|x64.Build.0 = Release|x64
		{CE7C838E-6766-3FB3-B4A0-6AE5046A2C78}.MinSizeRel|x64.ActiveCfg = MinSizeRel|x64
		{CE7C838E-6766-3FB3-B4A0-6AE5046A2C78}.MinSizeRel|x64.Build.0 = MinSizeRel|x64
		{CE7C838E-6766-3FB3-B4A0-6AE5046A2C78}.RelWithDebInfo|x64.ActiveCfg = RelWithDebInfo|x64
		{CE7C838E-6766-3FB3-B4A0-6AE5046A2C78}.RelWithDebInfo|x64.Build.0 = RelWithDebInfo|x64
		{3D817F4A-72E3-3408-B9D7-02B198A7B96E}.Debug|x64.ActiveCfg = Debug|x64
		{3D817F4A-72E3-3408-B9D7-02B198A7B96E}.Release|x64.ActiveCfg = Release|x64
		{3D817F4A-72E3-3408-B9D7-02B198A7B96E}.MinSizeRel|x64.ActiveCfg = MinSizeRel|x64
		{3D817F4A-72E3-3408-B9D7-02B198A7B96E}.RelWithDebInfo|x64.ActiveCfg = RelWithDebInfo|x64
	EndGlobalSection
	GlobalSection(NestedProjects) = preSolution
		{EFF41610-B2BA-39FD-8026-86868B5E040D} = {1A372695-52C5-3742-A881-6FD947642A4A}
		{E8CCEB13-C640-3315-9364-F9745F9F4CB0} = {1A372695-52C5-3742-A881-6FD947642A4A}
		{6BFC4548-6EE7-387E-9E10-DF5EFDDF2576} = {1A372695-52C5-3742-A881-6FD947642A4A}
		{CE7C838E-6766-3FB3-B4A0-6AE5046A2C78} = {1FD6A106-6765-31CA-9004-68642F98F83D}
	EndGlobalSection
	GlobalSection(ExtensibilityGlobals) = postSolution
		SolutionGuid = {92D04C4C-8A36-3C23-B663-3ABC6F4A2B35}
	EndGlobalSection
	GlobalSection(ExtensibilityAddIns) = postSolution
	EndGlobalSection
EndGlobal
