
Microsoft Visual Studio Solution File, Format Version 12.00
# Visual Studio Version 17
Project("{2150E333-8FDC-42A3-9474-1A3956D46DE8}") = "CMakePredefinedTargets", "CMakePredefinedTargets", "{722B8FCF-652B-3F4A-A397-7B0FFE9007B2}"
EndProject
Project("{2150E333-8FDC-42A3-9474-1A3956D46DE8}") = "GLFW3", "GLFW3", "{80A61D4B-F1A9-3BC0-AC5E-F74473B76F77}"
EndProject
Project("{8BC9CEB8-8B4A-11D0-8D11-00A0C91BC942}") = "ALL_BUILD", "ALL_BUILD.vcxproj", "{3745D6DB-49CA-3473-9A10-43FB5BB5B133}"
	ProjectSection(ProjectDependencies) = postProject
		{F19209AE-AC83-3076-8156-12CE6A125FF9} = {F19209AE-AC83-3076-8156-12CE6A125FF9}
		{A30425F9-F55B-3A90-940D-9083C44CE56E} = {A30425F9-F55B-3A90-940D-9083C44CE56E}
	EndProjectSection
EndProject
Project("{8BC9CEB8-8B4A-11D0-8D11-00A0C91BC942}") = "INSTALL", "INSTALL.vcxproj", "{6F8B88A7-DD44-30C1-B2DE-1B6E6D3D86B4}"
	ProjectSection(ProjectDependencies) = postProject
		{3745D6DB-49CA-3473-9A10-43FB5BB5B133} = {3745D6DB-49CA-3473-9A10-43FB5BB5B133}
		{F19209AE-AC83-3076-8156-12CE6A125FF9} = {F19209AE-AC83-3076-8156-12CE6A125FF9}
	EndProjectSection
EndProject
Project("{8BC9CEB8-8B4A-11D0-8D11-00A0C91BC942}") = "ZERO_CHECK", "..\..\\ZERO_CHECK.vcxproj", "{F19209AE-AC83-3076-8156-12CE6A125FF9}"
	ProjectSection(ProjectDependencies) = postProject
	EndProjectSection
EndProject
Project("{8BC9CEB8-8B4A-11D0-8D11-00A0C91BC942}") = "glfw", "src\glfw.vcxproj", "{A30425F9-F55B-3A90-940D-9083C44CE56E}"
	ProjectSection(ProjectDependencies) = postProject
		{F19209AE-AC83-3076-8156-12CE6A125FF9} = {F19209AE-AC83-3076-8156-12CE6A125FF9}
	EndProjectSection
EndProject
Project("{8BC9CEB8-8B4A-11D0-8D11-00A0C91BC942}") = "uninstall", "uninstall.vcxproj", "{F1BBF12B-D406-3A90-9D89-07902B6FE80B}"
	ProjectSection(ProjectDependencies) = postProject
		{F19209AE-AC83-3076-8156-12CE6A125FF9} = {F19209AE-AC83-3076-8156-12CE6A125FF9}
	EndProjectSection
EndProject
Global
	GlobalSection(SolutionConfigurationPlatforms) = preSolution
		Debug|x64 = Debug|x64
		Release|x64 = Release|x64
		MinSizeRel|x64 = MinSizeRel|x64
		RelWithDebInfo|x64 = RelWithDebInfo|x64
	EndGlobalSection
	GlobalSection(ProjectConfigurationPlatforms) = postSolution
		{3745D6DB-49CA-3473-9A10-43FB5BB5B133}.Debug|x64.ActiveCfg = Debug|x64
		{3745D6DB-49CA-3473-9A10-43FB5BB5B133}.Debug|x64.Build.0 = Debug|x64
		{3745D6DB-49CA-3473-9A10-43FB5BB5B133}.Release|x64.ActiveCfg = Release|x64
		{3745D6DB-49CA-3473-9A10-43FB5BB5B133}.Release|x64.Build.0 = Release|x64
		{3745D6DB-49CA-3473-9A10-43FB5BB5B133}.MinSizeRel|x64.ActiveCfg = MinSizeRel|x64
		{3745D6DB-49CA-3473-9A10-43FB5BB5B133}.MinSizeRel|x64.Build.0 = MinSizeRel|x64
		{3745D6DB-49CA-3473-9A10-43FB5BB5B133}.RelWithDebInfo|x64.ActiveCfg = RelWithDebInfo|x64
		{3745D6DB-49CA-3473-9A10-43FB5BB5B133}.RelWithDebInfo|x64.Build.0 = RelWithDebInfo|x64
		{6F8B88A7-DD44-30C1-B2DE-1B6E6D3D86B4}.Debug|x64.ActiveCfg = Debug|x64
		{6F8B88A7-DD44-30C1-B2DE-1B6E6D3D86B4}.Release|x64.ActiveCfg = Release|x64
		{6F8B88A7-DD44-30C1-B2DE-1B6E6D3D86B4}.MinSizeRel|x64.ActiveCfg = MinSizeRel|x64
		{6F8B88A7-DD44-30C1-B2DE-1B6E6D3D86B4}.RelWithDebInfo|x64.ActiveCfg = RelWithDebInfo|x64
		{F19209AE-AC83-3076-8156-12CE6A125FF9}.Debug|x64.ActiveCfg = Debug|x64
		{F19209AE-AC83-3076-8156-12CE6A125FF9}.Debug|x64.Build.0 = Debug|x64
		{F19209AE-AC83-3076-8156-12CE6A125FF9}.Release|x64.ActiveCfg = Release|x64
		{F19209AE-AC83-3076-8156-12CE6A125FF9}.Release|x64.Build.0 = Release|x64
		{F19209AE-AC83-3076-8156-12CE6A125FF9}.MinSizeRel|x64.ActiveCfg = MinSizeRel|x64
		{F19209AE-AC83-3076-8156-12CE6A125FF9}.MinSizeRel|x64.Build.0 = MinSizeRel|x64
		{F19209AE-AC83-3076-8156-12CE6A125FF9}.RelWithDebInfo|x64.ActiveCfg = RelWithDebInfo|x64
		{F19209AE-AC83-3076-8156-12CE6A125FF9}.RelWithDebInfo|x64.Build.0 = RelWithDebInfo|x64
		{A30425F9-F55B-3A90-940D-9083C44CE56E}.Debug|x64.ActiveCfg = Debug|x64
		{A30425F9-F55B-3A90-940D-9083C44CE56E}.Debug|x64.Build.0 = Debug|x64
		{A30425F9-F55B-3A90-940D-9083C44CE56E}.Release|x64.ActiveCfg = Release|x64
		{A30425F9-F55B-3A90-940D-9083C44CE56E}.Release|x64.Build.0 = Release|x64
		{A30425F9-F55B-3A90-940D-9083C44CE56E}.MinSizeRel|x64.ActiveCfg = MinSizeRel|x64
		{A30425F9-F55B-3A90-940D-9083C44CE56E}.MinSizeRel|x64.Build.0 = MinSizeRel|x64
		{A30425F9-F55B-3A90-940D-9083C44CE56E}.RelWithDebInfo|x64.ActiveCfg = RelWithDebInfo|x64
		{A30425F9-F55B-3A90-940D-9083C44CE56E}.RelWithDebInfo|x64.Build.0 = RelWithDebInfo|x64
		{F1BBF12B-D406-3A90-9D89-07902B6FE80B}.Debug|x64.ActiveCfg = Debug|x64
		{F1BBF12B-D406-3A90-9D89-07902B6FE80B}.Release|x64.ActiveCfg = Release|x64
		{F1BBF12B-D406-3A90-9D89-07902B6FE80B}.MinSizeRel|x64.ActiveCfg = MinSizeRel|x64
		{F1BBF12B-D406-3A90-9D89-07902B6FE80B}.RelWithDebInfo|x64.ActiveCfg = RelWithDebInfo|x64
	EndGlobalSection
	GlobalSection(NestedProjects) = preSolution
		{3745D6DB-49CA-3473-9A10-43FB5BB5B133} = {722B8FCF-652B-3F4A-A397-7B0FFE9007B2}
		{6F8B88A7-DD44-30C1-B2DE-1B6E6D3D86B4} = {722B8FCF-652B-3F4A-A397-7B0FFE9007B2}
		{F19209AE-AC83-3076-8156-12CE6A125FF9} = {722B8FCF-652B-3F4A-A397-7B0FFE9007B2}
		{A30425F9-F55B-3A90-940D-9083C44CE56E} = {80A61D4B-F1A9-3BC0-AC5E-F74473B76F77}
	EndGlobalSection
	GlobalSection(ExtensibilityGlobals) = postSolution
		SolutionGuid = {842D7C02-2854-39FD-9278-DE22E7A9EBCA}
	EndGlobalSection
	GlobalSection(ExtensibilityAddIns) = postSolution
	EndGlobalSection
EndGlobal
