<?xml version="1.0" encoding="UTF-8"?>
<Solution>
	<Configurations>
		<BuildType Name="Debug"/>
		<BuildType Name="Release"/>
		<BuildType Name="MinSizeRel"/>
		<BuildType Name="RelWithDebInfo"/>
		<Platform Name="x64"/>
	</Configurations>
	<Project Path="UpdateAssimpLibsDebugSymbolsAndDLLs.vcxproj" Type="8bc9ceb8-8b4a-11d0-8d11-00a0c91bc942" Id="11232f7c-f7a1-30de-8c10-b470ba2127fc">
		<BuildDependency Project="../../ZERO_CHECK.vcxproj"/>
		<Build Solution="Debug|*" Project="false"/>
		<Build Solution="Release|*" Project="false"/>
		<Build Solution="MinSizeRel|*" Project="false"/>
		<Build Solution="RelWithDebInfo|*" Project="false"/>
	</Project>
	<Project Path="code/assimp.vcxproj" Type="8bc9ceb8-8b4a-11d0-8d11-00a0c91bc942" Id="c4867a1b-156b-33fd-b887-d9a89ea4d26b">
		<BuildDependency Project="../../ZERO_CHECK.vcxproj"/>
		<BuildDependency Project="contrib/zlib/zlibstatic.vcxproj"/>
	</Project>
	<Project Path="contrib/zlib/zlibstatic.vcxproj" Type="8bc9ceb8-8b4a-11d0-8d11-00a0c91bc942" Id="3b142a63-0df6-3e13-8d8e-941bfc4069cb">
		<BuildDependency Project="../../ZERO_CHECK.vcxproj"/>
	</Project>
	<Folder Name="/CMakePredefinedTargets/">
		<Project Path="ALL_BUILD.vcxproj" Type="8bc9ceb8-8b4a-11d0-8d11-00a0c91bc942" Id="991acc05-b6c7-330c-83dd-ed59098ff9b7" DefaultStartup="true">
			<BuildDependency Project="../../ZERO_CHECK.vcxproj"/>
			<BuildDependency Project="code/assimp.vcxproj"/>
			<BuildDependency Project="contrib/zlib/zlibstatic.vcxproj"/>
		</Project>
		<Project Path="INSTALL.vcxproj" Type="8bc9ceb8-8b4a-11d0-8d11-00a0c91bc942" Id="cd0ce9d8-c6c3-329f-9338-2b2173165220">
			<BuildDependency Project="ALL_BUILD.vcxproj"/>
			<BuildDependency Project="../../ZERO_CHECK.vcxproj"/>
			<Build Solution="Debug|*" Project="false"/>
			<Build Solution="Release|*" Project="false"/>
			<Build Solution="MinSizeRel|*" Project="false"/>
			<Build Solution="RelWithDebInfo|*" Project="false"/>
		</Project>
		<Project Path="../../ZERO_CHECK.vcxproj" Type="8bc9ceb8-8b4a-11d0-8d11-00a0c91bc942" Id="a0f2c44b-67af-323e-8a5c-ebabf1169e11"/>
	</Folder>
</Solution>
